{
  "originHash" : "4e14a6419178bdc9f28e6910db8f8b56483ba4fcae5670b44f75a9d0b6b6742e",
  "pins" : [
    {
      "identity" : "google-maps-ios-utils",
      "kind" : "remoteSourceControl",
      "location" : "https://github.com/googlemaps/google-maps-ios-utils",
      "state" : {
        "revision" : "1727a5e25036cecc07296569b8ad3f85d4baca4b",
        "version" : "6.1.3"
      }
    },
    {
      "identity" : "ios-maps-sdk",
      "kind" : "remoteSourceControl",
      "location" : "https://github.com/googlemaps/ios-maps-sdk",
      "state" : {
        "revision" : "e4c8ab764c05a7e50501f8f7b35a1f8b45203da2",
        "version" : "10.4.0"
      }
    },
    {
      "identity" : "ios-places-sdk",
      "kind" : "remoteSourceControl",
      "location" : "https://github.com/googlemaps/ios-places-sdk",
      "state" : {
        "revision" : "d07fef1d14fb7095d3681571433ca4e147e34a91",
        "version" : "10.4.0"
      }
    }
  ],
  "version" : 3
}
