{
  "originHash" : "fe5dd08882d08507f16493adf883e323b1dd5a821ac629f6777702bda6b2ba4e",
  "pins" : [
    {
      "identity" : "ios-maps-sdk",
      "kind" : "remoteSourceControl",
      "location" : "https://github.com/googlemaps/ios-maps-sdk",
      "state" : {
        "revision" : "02f8f144ef266da44d50a68d1562ca051bac27cc",
        "version" : "9.4.0"
      }
    }
  ],
  "version" : 3
}
