// !$*UTF8*$!
{
	archiveVersion = 1;
	classes = {
	};
	objectVersion = 46;
	objects = {

/* Begin PBXAggregateTarget section */
		24416B8111C4CA220047AFDD /* Build & Test */ = {
			isa = PBXAggregateTarget;
			buildConfigurationList = 24416B8A11C4CA520047AFDD /* Build configuration list for PBXAggregateTarget "Build & Test" */;
			buildPhases = (
				24416B8011C4CA220047AFDD /* ShellScript */,
			);
			dependencies = (
				24416B8511C4CA280047AFDD /* PBXTargetDependency */,
			);
			name = "Build & Test";
			productName = "Build & test";
		};
/* End PBXAggregateTarget section */

/* Begin PBXBuildFile section */
		24DD6CF91134B3F500162E58 /* TiGooglemapsModule.h in Headers */ = {isa = PBXBuildFile; fileRef = 24DD6CF71134B3F500162E58 /* TiGooglemapsModule.h */; };
		24DD6CFA1134B3F500162E58 /* TiGooglemapsModule.m in Sources */ = {isa = PBXBuildFile; fileRef = 24DD6CF81134B3F500162E58 /* TiGooglemapsModule.m */; };
		24DE9E1111C5FE74003F90F6 /* TiGooglemapsModuleAssets.h in Headers */ = {isa = PBXBuildFile; fileRef = 24DE9E0F11C5FE74003F90F6 /* TiGooglemapsModuleAssets.h */; };
		24DE9E1211C5FE74003F90F6 /* TiGooglemapsModuleAssets.m in Sources */ = {isa = PBXBuildFile; fileRef = 24DE9E1011C5FE74003F90F6 /* TiGooglemapsModuleAssets.m */; };
		3A433EF21BE9AAF00005C8AE /* TiGooglemapsMarkerProxy.h in Headers */ = {isa = PBXBuildFile; fileRef = 3A433EF01BE9AAF00005C8AE /* TiGooglemapsMarkerProxy.h */; };
		3A433EF31BE9AAF00005C8AE /* TiGooglemapsMarkerProxy.m in Sources */ = {isa = PBXBuildFile; fileRef = 3A433EF11BE9AAF00005C8AE /* TiGooglemapsMarkerProxy.m */; };
		3A433EF81BE9AAFE0005C8AE /* TiGooglemapsMapView.h in Headers */ = {isa = PBXBuildFile; fileRef = 3A433EF41BE9AAFE0005C8AE /* TiGooglemapsMapView.h */; };
		3A433EF91BE9AAFE0005C8AE /* TiGooglemapsMapView.m in Sources */ = {isa = PBXBuildFile; fileRef = 3A433EF51BE9AAFE0005C8AE /* TiGooglemapsMapView.m */; };
		3A433EFA1BE9AAFE0005C8AE /* TiGooglemapsMapViewProxy.h in Headers */ = {isa = PBXBuildFile; fileRef = 3A433EF61BE9AAFE0005C8AE /* TiGooglemapsMapViewProxy.h */; };
		3A433EFB1BE9AAFE0005C8AE /* TiGooglemapsMapViewProxy.m in Sources */ = {isa = PBXBuildFile; fileRef = 3A433EF71BE9AAFE0005C8AE /* TiGooglemapsMapViewProxy.m */; };
		3A433EFE1BE9AB0C0005C8AE /* TiGooglemapsPolylineProxy.h in Headers */ = {isa = PBXBuildFile; fileRef = 3A433EFC1BE9AB0C0005C8AE /* TiGooglemapsPolylineProxy.h */; };
		3A433EFF1BE9AB0C0005C8AE /* TiGooglemapsPolylineProxy.m in Sources */ = {isa = PBXBuildFile; fileRef = 3A433EFD1BE9AB0C0005C8AE /* TiGooglemapsPolylineProxy.m */; };
		3A433F021BE9AB270005C8AE /* TiGooglemapsPolygonProxy.h in Headers */ = {isa = PBXBuildFile; fileRef = 3A433F001BE9AB270005C8AE /* TiGooglemapsPolygonProxy.h */; };
		3A433F031BE9AB270005C8AE /* TiGooglemapsPolygonProxy.m in Sources */ = {isa = PBXBuildFile; fileRef = 3A433F011BE9AB270005C8AE /* TiGooglemapsPolygonProxy.m */; };
		3A433F071BE9AE620005C8AE /* TiGooglemapsCircleProxy.h in Headers */ = {isa = PBXBuildFile; fileRef = 3A433F051BE9AE620005C8AE /* TiGooglemapsCircleProxy.h */; };
		3A433F081BE9AE620005C8AE /* TiGooglemapsCircleProxy.m in Sources */ = {isa = PBXBuildFile; fileRef = 3A433F061BE9AE620005C8AE /* TiGooglemapsCircleProxy.m */; };
		3A7097E21BF1CD9B0044DBFB /* ImageIO.framework in Frameworks */ = {isa = PBXBuildFile; fileRef = 3AF900A31BC1ED7800172627 /* ImageIO.framework */; };
		3ACA7B111D2986FC00847EBF /* TiGooglemapsAutocompleteDialogProxy.h in Headers */ = {isa = PBXBuildFile; fileRef = 3ACA7B0F1D2986FC00847EBF /* TiGooglemapsAutocompleteDialogProxy.h */; };
		3ACA7B121D2986FC00847EBF /* TiGooglemapsAutocompleteDialogProxy.m in Sources */ = {isa = PBXBuildFile; fileRef = 3ACA7B101D2986FC00847EBF /* TiGooglemapsAutocompleteDialogProxy.m */; };
		3ACF6A121CBA800600BC765B /* TiGooglemapsAnnotationProxy.h in Headers */ = {isa = PBXBuildFile; fileRef = 3ACF6A101CBA800600BC765B /* TiGooglemapsAnnotationProxy.h */; };
		3ACF6A131CBA800600BC765B /* TiGooglemapsAnnotationProxy.m in Sources */ = {isa = PBXBuildFile; fileRef = 3ACF6A111CBA800600BC765B /* TiGooglemapsAnnotationProxy.m */; };
		3ACF6A1A1CBA874700BC765B /* TiGooglemapsView.h in Headers */ = {isa = PBXBuildFile; fileRef = 3ACF6A161CBA874700BC765B /* TiGooglemapsView.h */; };
		3ACF6A1B1CBA874700BC765B /* TiGooglemapsView.m in Sources */ = {isa = PBXBuildFile; fileRef = 3ACF6A171CBA874700BC765B /* TiGooglemapsView.m */; };
		3ACF6A1C1CBA874700BC765B /* TiGooglemapsViewProxy.h in Headers */ = {isa = PBXBuildFile; fileRef = 3ACF6A181CBA874700BC765B /* TiGooglemapsViewProxy.h */; };
		3ACF6A1D1CBA874700BC765B /* TiGooglemapsViewProxy.m in Sources */ = {isa = PBXBuildFile; fileRef = 3ACF6A191CBA874700BC765B /* TiGooglemapsViewProxy.m */; };
		3AF900AB1BC1ED7800172627 /* Accelerate.framework in Frameworks */ = {isa = PBXBuildFile; fileRef = 3AF9009B1BC1ED7800172627 /* Accelerate.framework */; };
		3AF900AC1BC1ED7800172627 /* AVFoundation.framework in Frameworks */ = {isa = PBXBuildFile; fileRef = 3AF9009C1BC1ED7800172627 /* AVFoundation.framework */; };
		3AF900AD1BC1ED7800172627 /* CoreBluetooth.framework in Frameworks */ = {isa = PBXBuildFile; fileRef = 3AF9009D1BC1ED7800172627 /* CoreBluetooth.framework */; };
		3AF900AE1BC1ED7800172627 /* CoreData.framework in Frameworks */ = {isa = PBXBuildFile; fileRef = 3AF9009E1BC1ED7800172627 /* CoreData.framework */; };
		3AF900AF1BC1ED7800172627 /* CoreGraphics.framework in Frameworks */ = {isa = PBXBuildFile; fileRef = 3AF9009F1BC1ED7800172627 /* CoreGraphics.framework */; };
		3AF900B01BC1ED7800172627 /* CoreLocation.framework in Frameworks */ = {isa = PBXBuildFile; fileRef = 3AF900A01BC1ED7800172627 /* CoreLocation.framework */; };
		3AF900B11BC1ED7800172627 /* CoreText.framework in Frameworks */ = {isa = PBXBuildFile; fileRef = 3AF900A11BC1ED7800172627 /* CoreText.framework */; };
		3AF900B21BC1ED7800172627 /* GLKit.framework in Frameworks */ = {isa = PBXBuildFile; fileRef = 3AF900A21BC1ED7800172627 /* GLKit.framework */; };
		3AF900B71BC1ED7800172627 /* OpenGLES.framework in Frameworks */ = {isa = PBXBuildFile; fileRef = 3AF900A71BC1ED7800172627 /* OpenGLES.framework */; };
		3AF900B81BC1ED7800172627 /* QuartzCore.framework in Frameworks */ = {isa = PBXBuildFile; fileRef = 3AF900A81BC1ED7800172627 /* QuartzCore.framework */; };
		3AF900B91BC1ED7800172627 /* Security.framework in Frameworks */ = {isa = PBXBuildFile; fileRef = 3AF900A91BC1ED7800172627 /* Security.framework */; };
		3AF900BA1BC1ED7800172627 /* SystemConfiguration.framework in Frameworks */ = {isa = PBXBuildFile; fileRef = 3AF900AA1BC1ED7800172627 /* SystemConfiguration.framework */; };
		AA747D9F0F9514B9006C5449 /* TiGooglemaps_Prefix.pch in Headers */ = {isa = PBXBuildFile; fileRef = AA747D9E0F9514B9006C5449 /* TiGooglemaps_Prefix.pch */; };
		AACBBE4A0F95108600F1A2B1 /* Foundation.framework in Frameworks */ = {isa = PBXBuildFile; fileRef = AACBBE490F95108600F1A2B1 /* Foundation.framework */; };
		DBA037041DB1125D004279F0 /* GoogleMaps.framework in Frameworks */ = {isa = PBXBuildFile; fileRef = DBA037001DB1125D004279F0 /* GoogleMaps.framework */; };
		DBA037051DB1125D004279F0 /* GoogleMapsBase.framework in Frameworks */ = {isa = PBXBuildFile; fileRef = DBA037011DB1125D004279F0 /* GoogleMapsBase.framework */; };
		DBA037061DB1125D004279F0 /* GoogleMapsCore.framework in Frameworks */ = {isa = PBXBuildFile; fileRef = DBA037021DB1125D004279F0 /* GoogleMapsCore.framework */; };
		DBA037071DB1125D004279F0 /* GooglePlaces.framework in Frameworks */ = {isa = PBXBuildFile; fileRef = DBA037031DB1125D004279F0 /* GooglePlaces.framework */; };
/* End PBXBuildFile section */

/* Begin PBXContainerItemProxy section */
		24416B8411C4CA280047AFDD /* PBXContainerItemProxy */ = {
			isa = PBXContainerItemProxy;
			containerPortal = 0867D690FE84028FC02AAC07 /* Project object */;
			proxyType = 1;
			remoteGlobalIDString = D2AAC07D0554694100DB518D;
			remoteInfo = ti.googlemaps;
		};
/* End PBXContainerItemProxy section */

/* Begin PBXFileReference section */
		24DD6CF71134B3F500162E58 /* TiGooglemapsModule.h */ = {isa = PBXFileReference; fileEncoding = 4; lastKnownFileType = sourcecode.c.h; name = TiGooglemapsModule.h; path = Classes/TiGooglemapsModule.h; sourceTree = "<group>"; };
		24DD6CF81134B3F500162E58 /* TiGooglemapsModule.m */ = {isa = PBXFileReference; fileEncoding = 4; lastKnownFileType = sourcecode.c.objc; name = TiGooglemapsModule.m; path = Classes/TiGooglemapsModule.m; sourceTree = "<group>"; };
		24DD6D1B1134B66800162E58 /* titanium.xcconfig */ = {isa = PBXFileReference; fileEncoding = 4; lastKnownFileType = text.xcconfig; path = titanium.xcconfig; sourceTree = "<group>"; };
		24DE9E0F11C5FE74003F90F6 /* TiGooglemapsModuleAssets.h */ = {isa = PBXFileReference; fileEncoding = 4; lastKnownFileType = sourcecode.c.h; name = TiGooglemapsModuleAssets.h; path = Classes/TiGooglemapsModuleAssets.h; sourceTree = "<group>"; };
		24DE9E1011C5FE74003F90F6 /* TiGooglemapsModuleAssets.m */ = {isa = PBXFileReference; fileEncoding = 4; lastKnownFileType = sourcecode.c.objc; name = TiGooglemapsModuleAssets.m; path = Classes/TiGooglemapsModuleAssets.m; sourceTree = "<group>"; };
		3A142F471C87748D00215B67 /* TiGooglemapsConstants.h */ = {isa = PBXFileReference; lastKnownFileType = sourcecode.c.h; name = TiGooglemapsConstants.h; path = Classes/TiGooglemapsConstants.h; sourceTree = "<group>"; };
		3A433EF01BE9AAF00005C8AE /* TiGooglemapsMarkerProxy.h */ = {isa = PBXFileReference; fileEncoding = 4; lastKnownFileType = sourcecode.c.h; name = TiGooglemapsMarkerProxy.h; path = Classes/TiGooglemapsMarkerProxy.h; sourceTree = "<group>"; };
		3A433EF11BE9AAF00005C8AE /* TiGooglemapsMarkerProxy.m */ = {isa = PBXFileReference; fileEncoding = 4; lastKnownFileType = sourcecode.c.objc; name = TiGooglemapsMarkerProxy.m; path = Classes/TiGooglemapsMarkerProxy.m; sourceTree = "<group>"; };
		3A433EF41BE9AAFE0005C8AE /* TiGooglemapsMapView.h */ = {isa = PBXFileReference; fileEncoding = 4; lastKnownFileType = sourcecode.c.h; name = TiGooglemapsMapView.h; path = Classes/TiGooglemapsMapView.h; sourceTree = "<group>"; };
		3A433EF51BE9AAFE0005C8AE /* TiGooglemapsMapView.m */ = {isa = PBXFileReference; fileEncoding = 4; lastKnownFileType = sourcecode.c.objc; name = TiGooglemapsMapView.m; path = Classes/TiGooglemapsMapView.m; sourceTree = "<group>"; };
		3A433EF61BE9AAFE0005C8AE /* TiGooglemapsMapViewProxy.h */ = {isa = PBXFileReference; fileEncoding = 4; lastKnownFileType = sourcecode.c.h; name = TiGooglemapsMapViewProxy.h; path = Classes/TiGooglemapsMapViewProxy.h; sourceTree = "<group>"; };
		3A433EF71BE9AAFE0005C8AE /* TiGooglemapsMapViewProxy.m */ = {isa = PBXFileReference; fileEncoding = 4; lastKnownFileType = sourcecode.c.objc; name = TiGooglemapsMapViewProxy.m; path = Classes/TiGooglemapsMapViewProxy.m; sourceTree = "<group>"; };
		3A433EFC1BE9AB0C0005C8AE /* TiGooglemapsPolylineProxy.h */ = {isa = PBXFileReference; fileEncoding = 4; lastKnownFileType = sourcecode.c.h; name = TiGooglemapsPolylineProxy.h; path = Classes/TiGooglemapsPolylineProxy.h; sourceTree = "<group>"; };
		3A433EFD1BE9AB0C0005C8AE /* TiGooglemapsPolylineProxy.m */ = {isa = PBXFileReference; fileEncoding = 4; lastKnownFileType = sourcecode.c.objc; name = TiGooglemapsPolylineProxy.m; path = Classes/TiGooglemapsPolylineProxy.m; sourceTree = "<group>"; };
		3A433F001BE9AB270005C8AE /* TiGooglemapsPolygonProxy.h */ = {isa = PBXFileReference; fileEncoding = 4; lastKnownFileType = sourcecode.c.h; name = TiGooglemapsPolygonProxy.h; path = Classes/TiGooglemapsPolygonProxy.h; sourceTree = "<group>"; };
		3A433F011BE9AB270005C8AE /* TiGooglemapsPolygonProxy.m */ = {isa = PBXFileReference; fileEncoding = 4; lastKnownFileType = sourcecode.c.objc; name = TiGooglemapsPolygonProxy.m; path = Classes/TiGooglemapsPolygonProxy.m; sourceTree = "<group>"; };
		3A433F051BE9AE620005C8AE /* TiGooglemapsCircleProxy.h */ = {isa = PBXFileReference; fileEncoding = 4; lastKnownFileType = sourcecode.c.h; name = TiGooglemapsCircleProxy.h; path = Classes/TiGooglemapsCircleProxy.h; sourceTree = "<group>"; };
		3A433F061BE9AE620005C8AE /* TiGooglemapsCircleProxy.m */ = {isa = PBXFileReference; fileEncoding = 4; lastKnownFileType = sourcecode.c.objc; name = TiGooglemapsCircleProxy.m; path = Classes/TiGooglemapsCircleProxy.m; sourceTree = "<group>"; };
		3ACA7B0F1D2986FC00847EBF /* TiGooglemapsAutocompleteDialogProxy.h */ = {isa = PBXFileReference; fileEncoding = 4; lastKnownFileType = sourcecode.c.h; name = TiGooglemapsAutocompleteDialogProxy.h; path = Classes/TiGooglemapsAutocompleteDialogProxy.h; sourceTree = "<group>"; };
		3ACA7B101D2986FC00847EBF /* TiGooglemapsAutocompleteDialogProxy.m */ = {isa = PBXFileReference; fileEncoding = 4; lastKnownFileType = sourcecode.c.objc; name = TiGooglemapsAutocompleteDialogProxy.m; path = Classes/TiGooglemapsAutocompleteDialogProxy.m; sourceTree = "<group>"; };
		3ACF6A101CBA800600BC765B /* TiGooglemapsAnnotationProxy.h */ = {isa = PBXFileReference; fileEncoding = 4; lastKnownFileType = sourcecode.c.h; name = TiGooglemapsAnnotationProxy.h; path = Classes/TiGooglemapsAnnotationProxy.h; sourceTree = "<group>"; };
		3ACF6A111CBA800600BC765B /* TiGooglemapsAnnotationProxy.m */ = {isa = PBXFileReference; fileEncoding = 4; lastKnownFileType = sourcecode.c.objc; name = TiGooglemapsAnnotationProxy.m; path = Classes/TiGooglemapsAnnotationProxy.m; sourceTree = "<group>"; };
		3ACF6A161CBA874700BC765B /* TiGooglemapsView.h */ = {isa = PBXFileReference; fileEncoding = 4; lastKnownFileType = sourcecode.c.h; name = TiGooglemapsView.h; path = Classes/TiGooglemapsView.h; sourceTree = "<group>"; };
		3ACF6A171CBA874700BC765B /* TiGooglemapsView.m */ = {isa = PBXFileReference; fileEncoding = 4; lastKnownFileType = sourcecode.c.objc; name = TiGooglemapsView.m; path = Classes/TiGooglemapsView.m; sourceTree = "<group>"; };
		3ACF6A181CBA874700BC765B /* TiGooglemapsViewProxy.h */ = {isa = PBXFileReference; fileEncoding = 4; lastKnownFileType = sourcecode.c.h; name = TiGooglemapsViewProxy.h; path = Classes/TiGooglemapsViewProxy.h; sourceTree = "<group>"; };
		3ACF6A191CBA874700BC765B /* TiGooglemapsViewProxy.m */ = {isa = PBXFileReference; fileEncoding = 4; lastKnownFileType = sourcecode.c.objc; name = TiGooglemapsViewProxy.m; path = Classes/TiGooglemapsViewProxy.m; sourceTree = "<group>"; };
		3AF9009B1BC1ED7800172627 /* Accelerate.framework */ = {isa = PBXFileReference; lastKnownFileType = wrapper.framework; name = Accelerate.framework; path = System/Library/Frameworks/Accelerate.framework; sourceTree = SDKROOT; };
		3AF9009C1BC1ED7800172627 /* AVFoundation.framework */ = {isa = PBXFileReference; lastKnownFileType = wrapper.framework; name = AVFoundation.framework; path = System/Library/Frameworks/AVFoundation.framework; sourceTree = SDKROOT; };
		3AF9009D1BC1ED7800172627 /* CoreBluetooth.framework */ = {isa = PBXFileReference; lastKnownFileType = wrapper.framework; name = CoreBluetooth.framework; path = System/Library/Frameworks/CoreBluetooth.framework; sourceTree = SDKROOT; };
		3AF9009E1BC1ED7800172627 /* CoreData.framework */ = {isa = PBXFileReference; lastKnownFileType = wrapper.framework; name = CoreData.framework; path = System/Library/Frameworks/CoreData.framework; sourceTree = SDKROOT; };
		3AF9009F1BC1ED7800172627 /* CoreGraphics.framework */ = {isa = PBXFileReference; lastKnownFileType = wrapper.framework; name = CoreGraphics.framework; path = System/Library/Frameworks/CoreGraphics.framework; sourceTree = SDKROOT; };
		3AF900A01BC1ED7800172627 /* CoreLocation.framework */ = {isa = PBXFileReference; lastKnownFileType = wrapper.framework; name = CoreLocation.framework; path = System/Library/Frameworks/CoreLocation.framework; sourceTree = SDKROOT; };
		3AF900A11BC1ED7800172627 /* CoreText.framework */ = {isa = PBXFileReference; lastKnownFileType = wrapper.framework; name = CoreText.framework; path = System/Library/Frameworks/CoreText.framework; sourceTree = SDKROOT; };
		3AF900A21BC1ED7800172627 /* GLKit.framework */ = {isa = PBXFileReference; lastKnownFileType = wrapper.framework; name = GLKit.framework; path = System/Library/Frameworks/GLKit.framework; sourceTree = SDKROOT; };
		3AF900A31BC1ED7800172627 /* ImageIO.framework */ = {isa = PBXFileReference; lastKnownFileType = wrapper.framework; name = ImageIO.framework; path = System/Library/Frameworks/ImageIO.framework; sourceTree = SDKROOT; };
		3AF900A71BC1ED7800172627 /* OpenGLES.framework */ = {isa = PBXFileReference; lastKnownFileType = wrapper.framework; name = OpenGLES.framework; path = System/Library/Frameworks/OpenGLES.framework; sourceTree = SDKROOT; };
		3AF900A81BC1ED7800172627 /* QuartzCore.framework */ = {isa = PBXFileReference; lastKnownFileType = wrapper.framework; name = QuartzCore.framework; path = System/Library/Frameworks/QuartzCore.framework; sourceTree = SDKROOT; };
		3AF900A91BC1ED7800172627 /* Security.framework */ = {isa = PBXFileReference; lastKnownFileType = wrapper.framework; name = Security.framework; path = System/Library/Frameworks/Security.framework; sourceTree = SDKROOT; };
		3AF900AA1BC1ED7800172627 /* SystemConfiguration.framework */ = {isa = PBXFileReference; lastKnownFileType = wrapper.framework; name = SystemConfiguration.framework; path = System/Library/Frameworks/SystemConfiguration.framework; sourceTree = SDKROOT; };
		AA747D9E0F9514B9006C5449 /* TiGooglemaps_Prefix.pch */ = {isa = PBXFileReference; fileEncoding = 4; lastKnownFileType = sourcecode.c.h; path = TiGooglemaps_Prefix.pch; sourceTree = SOURCE_ROOT; };
		AACBBE490F95108600F1A2B1 /* Foundation.framework */ = {isa = PBXFileReference; lastKnownFileType = wrapper.framework; name = Foundation.framework; path = System/Library/Frameworks/Foundation.framework; sourceTree = SDKROOT; };
		D2AAC07E0554694100DB518D /* libTiGooglemaps.a */ = {isa = PBXFileReference; explicitFileType = archive.ar; includeInIndex = 0; path = libTiGooglemaps.a; sourceTree = BUILT_PRODUCTS_DIR; };
		DBA037001DB1125D004279F0 /* GoogleMaps.framework */ = {isa = PBXFileReference; lastKnownFileType = wrapper.framework; name = GoogleMaps.framework; path = platform/GoogleMaps.framework; sourceTree = "<group>"; };
		DBA037011DB1125D004279F0 /* GoogleMapsBase.framework */ = {isa = PBXFileReference; lastKnownFileType = wrapper.framework; name = GoogleMapsBase.framework; path = platform/GoogleMapsBase.framework; sourceTree = "<group>"; };
		DBA037021DB1125D004279F0 /* GoogleMapsCore.framework */ = {isa = PBXFileReference; lastKnownFileType = wrapper.framework; name = GoogleMapsCore.framework; path = platform/GoogleMapsCore.framework; sourceTree = "<group>"; };
		DBA037031DB1125D004279F0 /* GooglePlaces.framework */ = {isa = PBXFileReference; lastKnownFileType = wrapper.framework; name = GooglePlaces.framework; path = platform/GooglePlaces.framework; sourceTree = "<group>"; };
/* End PBXFileReference section */

/* Begin PBXFrameworksBuildPhase section */
		D2AAC07C0554694100DB518D /* Frameworks */ = {
			isa = PBXFrameworksBuildPhase;
			buildActionMask = 2147483647;
			files = (
				3AF900AB1BC1ED7800172627 /* Accelerate.framework in Frameworks */,
				3AF900AC1BC1ED7800172627 /* AVFoundation.framework in Frameworks */,
				3AF900AD1BC1ED7800172627 /* CoreBluetooth.framework in Frameworks */,
				DBA037041DB1125D004279F0 /* GoogleMaps.framework in Frameworks */,
				DBA037061DB1125D004279F0 /* GoogleMapsCore.framework in Frameworks */,
				3AF900AE1BC1ED7800172627 /* CoreData.framework in Frameworks */,
				3AF900AF1BC1ED7800172627 /* CoreGraphics.framework in Frameworks */,
				3AF900B01BC1ED7800172627 /* CoreLocation.framework in Frameworks */,
				3AF900B11BC1ED7800172627 /* CoreText.framework in Frameworks */,
				DBA037071DB1125D004279F0 /* GooglePlaces.framework in Frameworks */,
				3AF900B21BC1ED7800172627 /* GLKit.framework in Frameworks */,
				3AF900B71BC1ED7800172627 /* OpenGLES.framework in Frameworks */,
				3AF900B81BC1ED7800172627 /* QuartzCore.framework in Frameworks */,
				3AF900B91BC1ED7800172627 /* Security.framework in Frameworks */,
				DBA037051DB1125D004279F0 /* GoogleMapsBase.framework in Frameworks */,
				3AF900BA1BC1ED7800172627 /* SystemConfiguration.framework in Frameworks */,
				3A7097E21BF1CD9B0044DBFB /* ImageIO.framework in Frameworks */,
				AACBBE4A0F95108600F1A2B1 /* Foundation.framework in Frameworks */,
			);
			runOnlyForDeploymentPostprocessing = 0;
		};
/* End PBXFrameworksBuildPhase section */

/* Begin PBXGroup section */
		034768DFFF38A50411DB9C8B /* Products */ = {
			isa = PBXGroup;
			children = (
				D2AAC07E0554694100DB518D /* libTiGooglemaps.a */,
			);
			name = Products;
			sourceTree = "<group>";
		};
		0867D691FE84028FC02AAC07 /* ti.googlemaps */ = {
			isa = PBXGroup;
			children = (
				08FB77AEFE84172EC02AAC07 /* Classes */,
				32C88DFF0371C24200C91783 /* Other Sources */,
				0867D69AFE84028FC02AAC07 /* Frameworks */,
				034768DFFF38A50411DB9C8B /* Products */,
			);
			name = ti.googlemaps;
			sourceTree = "<group>";
		};
		0867D69AFE84028FC02AAC07 /* Frameworks */ = {
			isa = PBXGroup;
			children = (
				DBA037001DB1125D004279F0 /* GoogleMaps.framework */,
				DBA037011DB1125D004279F0 /* GoogleMapsBase.framework */,
				DBA037021DB1125D004279F0 /* GoogleMapsCore.framework */,
				DBA037031DB1125D004279F0 /* GooglePlaces.framework */,
				3AF9009B1BC1ED7800172627 /* Accelerate.framework */,
				3AF9009C1BC1ED7800172627 /* AVFoundation.framework */,
				3AF9009D1BC1ED7800172627 /* CoreBluetooth.framework */,
				3AF9009E1BC1ED7800172627 /* CoreData.framework */,
				3AF9009F1BC1ED7800172627 /* CoreGraphics.framework */,
				3AF900A01BC1ED7800172627 /* CoreLocation.framework */,
				3AF900A11BC1ED7800172627 /* CoreText.framework */,
				3AF900A21BC1ED7800172627 /* GLKit.framework */,
				3AF900A31BC1ED7800172627 /* ImageIO.framework */,
				3AF900A71BC1ED7800172627 /* OpenGLES.framework */,
				3AF900A81BC1ED7800172627 /* QuartzCore.framework */,
				3AF900A91BC1ED7800172627 /* Security.framework */,
				3AF900AA1BC1ED7800172627 /* SystemConfiguration.framework */,
				AACBBE490F95108600F1A2B1 /* Foundation.framework */,
			);
			name = Frameworks;
			sourceTree = "<group>";
		};
		08FB77AEFE84172EC02AAC07 /* Classes */ = {
			isa = PBXGroup;
			children = (
				3ACA7B0E1D2986C400847EBF /* Autocompletion */,
				3AF900D11BC2288600172627 /* Module */,
				3A28A4C91BE9204C0004FCE9 /* Overlays */,
				3AF900D31BC2289C00172627 /* View */,
				3AF900D41BC228C300172627 /* Annotations */,
			);
			name = Classes;
			sourceTree = "<group>";
		};
		32C88DFF0371C24200C91783 /* Other Sources */ = {
			isa = PBXGroup;
			children = (
				AA747D9E0F9514B9006C5449 /* TiGooglemaps_Prefix.pch */,
				24DD6D1B1134B66800162E58 /* titanium.xcconfig */,
			);
			name = "Other Sources";
			sourceTree = "<group>";
		};
		3A28A4C91BE9204C0004FCE9 /* Overlays */ = {
			isa = PBXGroup;
			children = (
				3A433F041BE9AB2C0005C8AE /* Polygon */,
				3A28A4CA1BE920530004FCE9 /* Polyline */,
				3A433F091BE9AE650005C8AE /* Circle */,
			);
			name = Overlays;
			sourceTree = "<group>";
		};
		3A28A4CA1BE920530004FCE9 /* Polyline */ = {
			isa = PBXGroup;
			children = (
				3A433EFC1BE9AB0C0005C8AE /* TiGooglemapsPolylineProxy.h */,
				3A433EFD1BE9AB0C0005C8AE /* TiGooglemapsPolylineProxy.m */,
			);
			name = Polyline;
			sourceTree = "<group>";
		};
		3A433F041BE9AB2C0005C8AE /* Polygon */ = {
			isa = PBXGroup;
			children = (
				3A433F001BE9AB270005C8AE /* TiGooglemapsPolygonProxy.h */,
				3A433F011BE9AB270005C8AE /* TiGooglemapsPolygonProxy.m */,
			);
			name = Polygon;
			sourceTree = "<group>";
		};
		3A433F091BE9AE650005C8AE /* Circle */ = {
			isa = PBXGroup;
			children = (
				3A433F051BE9AE620005C8AE /* TiGooglemapsCircleProxy.h */,
				3A433F061BE9AE620005C8AE /* TiGooglemapsCircleProxy.m */,
			);
			name = Circle;
			sourceTree = "<group>";
		};
		3ACA7B0E1D2986C400847EBF /* Autocompletion */ = {
			isa = PBXGroup;
			children = (
				3ACA7B0F1D2986FC00847EBF /* TiGooglemapsAutocompleteDialogProxy.h */,
				3ACA7B101D2986FC00847EBF /* TiGooglemapsAutocompleteDialogProxy.m */,
			);
			name = Autocompletion;
			sourceTree = "<group>";
		};
		3ACF6A141CBA809600BC765B /* Marker - Deprecated in 2.2.0 */ = {
			isa = PBXGroup;
			children = (
				3A433EF01BE9AAF00005C8AE /* TiGooglemapsMarkerProxy.h */,
				3A433EF11BE9AAF00005C8AE /* TiGooglemapsMarkerProxy.m */,
			);
			name = "Marker - Deprecated in 2.2.0";
			sourceTree = "<group>";
		};
		3ACF6A151CBA870300BC765B /* MapView - Deprecated in 2.2.0 */ = {
			isa = PBXGroup;
			children = (
				3A433EF41BE9AAFE0005C8AE /* TiGooglemapsMapView.h */,
				3A433EF51BE9AAFE0005C8AE /* TiGooglemapsMapView.m */,
				3A433EF61BE9AAFE0005C8AE /* TiGooglemapsMapViewProxy.h */,
				3A433EF71BE9AAFE0005C8AE /* TiGooglemapsMapViewProxy.m */,
			);
			name = "MapView - Deprecated in 2.2.0";
			sourceTree = "<group>";
		};
		3AF900D01BC2287A00172627 /* Module Asses */ = {
			isa = PBXGroup;
			children = (
				24DE9E0F11C5FE74003F90F6 /* TiGooglemapsModuleAssets.h */,
				24DE9E1011C5FE74003F90F6 /* TiGooglemapsModuleAssets.m */,
			);
			name = "Module Asses";
			sourceTree = "<group>";
		};
		3AF900D11BC2288600172627 /* Module */ = {
			isa = PBXGroup;
			children = (
				3AF900D01BC2287A00172627 /* Module Asses */,
				24DD6CF71134B3F500162E58 /* TiGooglemapsModule.h */,
				24DD6CF81134B3F500162E58 /* TiGooglemapsModule.m */,
				3A142F471C87748D00215B67 /* TiGooglemapsConstants.h */,
			);
			name = Module;
			sourceTree = "<group>";
		};
		3AF900D31BC2289C00172627 /* View */ = {
			isa = PBXGroup;
			children = (
				3ACF6A151CBA870300BC765B /* MapView - Deprecated in 2.2.0 */,
				3ACF6A161CBA874700BC765B /* TiGooglemapsView.h */,
				3ACF6A171CBA874700BC765B /* TiGooglemapsView.m */,
				3ACF6A181CBA874700BC765B /* TiGooglemapsViewProxy.h */,
				3ACF6A191CBA874700BC765B /* TiGooglemapsViewProxy.m */,
			);
			name = View;
			sourceTree = "<group>";
		};
		3AF900D41BC228C300172627 /* Annotations */ = {
			isa = PBXGroup;
			children = (
				3ACF6A141CBA809600BC765B /* Marker - Deprecated in 2.2.0 */,
				3ACF6A101CBA800600BC765B /* TiGooglemapsAnnotationProxy.h */,
				3ACF6A111CBA800600BC765B /* TiGooglemapsAnnotationProxy.m */,
			);
			name = Annotations;
			sourceTree = "<group>";
		};
/* End PBXGroup section */

/* Begin PBXHeadersBuildPhase section */
		D2AAC07A0554694100DB518D /* Headers */ = {
			isa = PBXHeadersBuildPhase;
			buildActionMask = 2147483647;
			files = (
				3A433F021BE9AB270005C8AE /* TiGooglemapsPolygonProxy.h in Headers */,
				3A433EFA1BE9AAFE0005C8AE /* TiGooglemapsMapViewProxy.h in Headers */,
				AA747D9F0F9514B9006C5449 /* TiGooglemaps_Prefix.pch in Headers */,
				3A433EF21BE9AAF00005C8AE /* TiGooglemapsMarkerProxy.h in Headers */,
				24DD6CF91134B3F500162E58 /* TiGooglemapsModule.h in Headers */,
				3ACF6A1C1CBA874700BC765B /* TiGooglemapsViewProxy.h in Headers */,
				3ACF6A121CBA800600BC765B /* TiGooglemapsAnnotationProxy.h in Headers */,
				3A433F071BE9AE620005C8AE /* TiGooglemapsCircleProxy.h in Headers */,
				3A433EFE1BE9AB0C0005C8AE /* TiGooglemapsPolylineProxy.h in Headers */,
				3A433EF81BE9AAFE0005C8AE /* TiGooglemapsMapView.h in Headers */,
				3ACA7B111D2986FC00847EBF /* TiGooglemapsAutocompleteDialogProxy.h in Headers */,
				24DE9E1111C5FE74003F90F6 /* TiGooglemapsModuleAssets.h in Headers */,
				3ACF6A1A1CBA874700BC765B /* TiGooglemapsView.h in Headers */,
			);
			runOnlyForDeploymentPostprocessing = 0;
		};
/* End PBXHeadersBuildPhase section */

/* Begin PBXNativeTarget section */
		D2AAC07D0554694100DB518D /* ti.googlemaps */ = {
			isa = PBXNativeTarget;
			buildConfigurationList = 1DEB921E08733DC00010E9CD /* Build configuration list for PBXNativeTarget "ti.googlemaps" */;
			buildPhases = (
				D2AAC07A0554694100DB518D /* Headers */,
				D2AAC07B0554694100DB518D /* Sources */,
				D2AAC07C0554694100DB518D /* Frameworks */,
			);
			buildRules = (
			);
			dependencies = (
			);
			name = ti.googlemaps;
			productName = ti.googlemaps;
			productReference = D2AAC07E0554694100DB518D /* libTiGooglemaps.a */;
			productType = "com.apple.product-type.library.static";
		};
/* End PBXNativeTarget section */

/* Begin PBXProject section */
		0867D690FE84028FC02AAC07 /* Project object */ = {
			isa = PBXProject;
			attributes = {
				LastUpgradeCheck = 0820;
			};
			buildConfigurationList = 1DEB922208733DC00010E9CD /* Build configuration list for PBXProject "ti.googlemaps" */;
			compatibilityVersion = "Xcode 3.2";
			developmentRegion = English;
			hasScannedForEncodings = 1;
			knownRegions = (
				English,
				Japanese,
				French,
				German,
			);
			mainGroup = 0867D691FE84028FC02AAC07 /* ti.googlemaps */;
			productRefGroup = 034768DFFF38A50411DB9C8B /* Products */;
			projectDirPath = "";
			projectRoot = "";
			targets = (
				D2AAC07D0554694100DB518D /* ti.googlemaps */,
				24416B8111C4CA220047AFDD /* Build & Test */,
			);
		};
/* End PBXProject section */

/* Begin PBXShellScriptBuildPhase section */
		24416B8011C4CA220047AFDD /* ShellScript */ = {
			isa = PBXShellScriptBuildPhase;
			buildActionMask = 2147483647;
			files = (
			);
			inputPaths = (
			);
			outputPaths = (
			);
			runOnlyForDeploymentPostprocessing = 0;
			shellPath = /bin/sh;
			shellScript = "# shell script goes here\n\npython \"${TITANIUM_SDK}/titanium.py\" run --dir=\"${PROJECT_DIR}\"\nexit $?\n";
		};
/* End PBXShellScriptBuildPhase section */

/* Begin PBXSourcesBuildPhase section */
		D2AAC07B0554694100DB518D /* Sources */ = {
			isa = PBXSourcesBuildPhase;
			buildActionMask = 2147483647;
			files = (
				24DD6CFA1134B3F500162E58 /* TiGooglemapsModule.m in Sources */,
				3ACF6A1B1CBA874700BC765B /* TiGooglemapsView.m in Sources */,
				24DE9E1211C5FE74003F90F6 /* TiGooglemapsModuleAssets.m in Sources */,
				3A433F031BE9AB270005C8AE /* TiGooglemapsPolygonProxy.m in Sources */,
				3ACA7B121D2986FC00847EBF /* TiGooglemapsAutocompleteDialogProxy.m in Sources */,
				3A433EF91BE9AAFE0005C8AE /* TiGooglemapsMapView.m in Sources */,
				3A433EFF1BE9AB0C0005C8AE /* TiGooglemapsPolylineProxy.m in Sources */,
				3A433EFB1BE9AAFE0005C8AE /* TiGooglemapsMapViewProxy.m in Sources */,
				3ACF6A131CBA800600BC765B /* TiGooglemapsAnnotationProxy.m in Sources */,
				3A433F081BE9AE620005C8AE /* TiGooglemapsCircleProxy.m in Sources */,
				3ACF6A1D1CBA874700BC765B /* TiGooglemapsViewProxy.m in Sources */,
				3A433EF31BE9AAF00005C8AE /* TiGooglemapsMarkerProxy.m in Sources */,
			);
			runOnlyForDeploymentPostprocessing = 0;
		};
/* End PBXSourcesBuildPhase section */

/* Begin PBXTargetDependency section */
		24416B8511C4CA280047AFDD /* PBXTargetDependency */ = {
			isa = PBXTargetDependency;
			target = D2AAC07D0554694100DB518D /* ti.googlemaps */;
			targetProxy = 24416B8411C4CA280047AFDD /* PBXContainerItemProxy */;
		};
/* End PBXTargetDependency section */

/* Begin XCBuildConfiguration section */
		1DEB921F08733DC00010E9CD /* Debug */ = {
			isa = XCBuildConfiguration;
			baseConfigurationReference = 24DD6D1B1134B66800162E58 /* titanium.xcconfig */;
			buildSettings = {
				CODE_SIGN_IDENTITY = "iPhone Developer";
				"CODE_SIGN_IDENTITY[sdk=iphoneos*]" = "iPhone Developer";
				DSTROOT = /tmp/TiGooglemaps.dst;
				ENABLE_TESTABILITY = NO;
				FRAMEWORK_SEARCH_PATHS = (
					"$(inherited)",
					"$(PROJECT_DIR)/GoogleMaps/Frameworks",
					"$(PROJECT_DIR)",
					"$(PROJECT_DIR)/platform",
					"$(PROJECT_DIR)/platform/ios",
				);
				GCC_C_LANGUAGE_STANDARD = c99;
				GCC_OPTIMIZATION_LEVEL = 0;
				GCC_PRECOMPILE_PREFIX_HEADER = YES;
				GCC_PREFIX_HEADER = TiGooglemaps_Prefix.pch;
				GCC_PREPROCESSOR_DEFINITIONS = "TI_VERSION=$(TI_VERSION)";
				GCC_TREAT_WARNINGS_AS_ERRORS = NO;
				GCC_VERSION = "";
				GCC_WARN_ABOUT_RETURN_TYPE = NO;
				GCC_WARN_MISSING_PARENTHESES = NO;
				GCC_WARN_SHADOW = NO;
				GCC_WARN_STRICT_SELECTOR_MATCH = NO;
				GCC_WARN_UNUSED_FUNCTION = YES;
				GCC_WARN_UNUSED_PARAMETER = NO;
				GCC_WARN_UNUSED_VALUE = NO;
				GCC_WARN_UNUSED_VARIABLE = NO;
				INSTALL_PATH = /usr/local/lib;
				IPHONEOS_DEPLOYMENT_TARGET = 6.0;
				LIBRARY_SEARCH_PATHS = "";
				OTHER_CFLAGS = (
					"-DDEBUG",
					"-DTI_POST_1_2",
				);
				OTHER_LDFLAGS = "-ObjC";
				PRODUCT_NAME = TiGooglemaps;
				PROVISIONING_PROFILE = "";
				"PROVISIONING_PROFILE[sdk=iphoneos*]" = "";
				RUN_CLANG_STATIC_ANALYZER = NO;
				SDKROOT = iphoneos;
				USER_HEADER_SEARCH_PATHS = "";
			};
			name = Debug;
		};
		1DEB922008733DC00010E9CD /* Release */ = {
			isa = XCBuildConfiguration;
			baseConfigurationReference = 24DD6D1B1134B66800162E58 /* titanium.xcconfig */;
			buildSettings = {
				ALWAYS_SEARCH_USER_PATHS = YES;
				DSTROOT = /tmp/TiGooglemaps.dst;
				FRAMEWORK_SEARCH_PATHS = (
					"$(inherited)",
					"$(PROJECT_DIR)/GoogleMaps/Frameworks",
					"$(PROJECT_DIR)",
					"$(PROJECT_DIR)/platform",
					"$(PROJECT_DIR)/platform/ios",
				);
				GCC_C_LANGUAGE_STANDARD = c99;
				GCC_MODEL_TUNING = G5;
				GCC_PRECOMPILE_PREFIX_HEADER = YES;
				GCC_PREFIX_HEADER = TiGooglemaps_Prefix.pch;
				GCC_PREPROCESSOR_DEFINITIONS = "TI_VERSION=$(TI_VERSION)";
				GCC_TREAT_WARNINGS_AS_ERRORS = NO;
				GCC_VERSION = "";
				GCC_WARN_ABOUT_RETURN_TYPE = NO;
				GCC_WARN_MISSING_PARENTHESES = NO;
				GCC_WARN_SHADOW = NO;
				GCC_WARN_STRICT_SELECTOR_MATCH = NO;
				GCC_WARN_UNUSED_FUNCTION = YES;
				GCC_WARN_UNUSED_PARAMETER = NO;
				GCC_WARN_UNUSED_VALUE = NO;
				GCC_WARN_UNUSED_VARIABLE = NO;
				INSTALL_PATH = /usr/local/lib;
				IPHONEOS_DEPLOYMENT_TARGET = 6.0;
				LIBRARY_SEARCH_PATHS = "";
				OTHER_CFLAGS = "-DTI_POST_1_2";
				OTHER_LDFLAGS = "-ObjC";
				PRODUCT_NAME = TiGooglemaps;
				RUN_CLANG_STATIC_ANALYZER = NO;
				SDKROOT = iphoneos;
				USER_HEADER_SEARCH_PATHS = "";
			};
			name = Release;
		};
		1DEB922308733DC00010E9CD /* Debug */ = {
			isa = XCBuildConfiguration;
			baseConfigurationReference = 24DD6D1B1134B66800162E58 /* titanium.xcconfig */;
			buildSettings = {
				CLANG_ANALYZER_LOCALIZABILITY_NONLOCALIZED = YES;
				CLANG_CXX_LIBRARY = "libstdc++";
				CLANG_WARN_BOOL_CONVERSION = YES;
				CLANG_WARN_CONSTANT_CONVERSION = YES;
				CLANG_WARN_EMPTY_BODY = YES;
				CLANG_WARN_ENUM_CONVERSION = YES;
				CLANG_WARN_INFINITE_RECURSION = YES;
				CLANG_WARN_INT_CONVERSION = YES;
				CLANG_WARN_SUSPICIOUS_MOVE = YES;
				CLANG_WARN_UNREACHABLE_CODE = YES;
				CLANG_WARN__DUPLICATE_METHOD_MATCH = YES;
				CODE_SIGN_IDENTITY = "iPhone Developer";
				"CODE_SIGN_IDENTITY[sdk=iphoneos*]" = "iPhone Developer";
				DSTROOT = /tmp/TiGooglemaps.dst;
				ENABLE_STRICT_OBJC_MSGSEND = YES;
				ENABLE_TESTABILITY = YES;
				FRAMEWORK_SEARCH_PATHS = (
					"$(inherited)",
					"$(PROJECT_DIR)/GoogleMaps/Frameworks",
					"$(PROJECT_DIR)",
					"$(PROJECT_DIR)/platform",
				);
				GCC_C_LANGUAGE_STANDARD = c99;
				GCC_NO_COMMON_BLOCKS = YES;
				GCC_OPTIMIZATION_LEVEL = 0;
				GCC_PRECOMPILE_PREFIX_HEADER = YES;
				GCC_PREFIX_HEADER = TiGooglemaps_Prefix.pch;
				GCC_PREPROCESSOR_DEFINITIONS = "TI_VERSION=$(TI_VERSION)";
				GCC_TREAT_WARNINGS_AS_ERRORS = NO;
				GCC_VERSION = "";
				GCC_WARN_64_TO_32_BIT_CONVERSION = YES;
				GCC_WARN_ABOUT_RETURN_TYPE = NO;
				GCC_WARN_MISSING_PARENTHESES = NO;
				GCC_WARN_SHADOW = NO;
				GCC_WARN_STRICT_SELECTOR_MATCH = NO;
				GCC_WARN_UNDECLARED_SELECTOR = YES;
				GCC_WARN_UNINITIALIZED_AUTOS = YES;
				GCC_WARN_UNUSED_FUNCTION = YES;
				GCC_WARN_UNUSED_PARAMETER = NO;
				GCC_WARN_UNUSED_VALUE = NO;
				GCC_WARN_UNUSED_VARIABLE = NO;
				INSTALL_PATH = /usr/local/lib;
				ONLY_ACTIVE_ARCH = YES;
				OTHER_CFLAGS = (
					"-DDEBUG",
					"-DTI_POST_1_2",
				);
				OTHER_LDFLAGS = "-ObjC";
				PRODUCT_NAME = TiGooglemaps;
				PROVISIONING_PROFILE = "";
				"PROVISIONING_PROFILE[sdk=iphoneos*]" = "";
				RUN_CLANG_STATIC_ANALYZER = NO;
				SDKROOT = iphoneos;
				USER_HEADER_SEARCH_PATHS = "";
				VALID_ARCHS = "$(ARCHS_STANDARD)";
			};
			name = Debug;
		};
		1DEB922408733DC00010E9CD /* Release */ = {
			isa = XCBuildConfiguration;
			baseConfigurationReference = 24DD6D1B1134B66800162E58 /* titanium.xcconfig */;
			buildSettings = {
				ALWAYS_SEARCH_USER_PATHS = YES;
				CLANG_ANALYZER_LOCALIZABILITY_NONLOCALIZED = YES;
				CLANG_CXX_LIBRARY = "libstdc++";
				CLANG_WARN_BOOL_CONVERSION = YES;
				CLANG_WARN_CONSTANT_CONVERSION = YES;
				CLANG_WARN_EMPTY_BODY = YES;
				CLANG_WARN_ENUM_CONVERSION = YES;
				CLANG_WARN_INFINITE_RECURSION = YES;
				CLANG_WARN_INT_CONVERSION = YES;
				CLANG_WARN_SUSPICIOUS_MOVE = YES;
				CLANG_WARN_UNREACHABLE_CODE = YES;
				CLANG_WARN__DUPLICATE_METHOD_MATCH = YES;
				DSTROOT = /tmp/TiGooglemaps.dst;
				ENABLE_STRICT_OBJC_MSGSEND = YES;
				FRAMEWORK_SEARCH_PATHS = (
					"$(inherited)",
					"$(PROJECT_DIR)/GoogleMaps/Frameworks",
					"$(PROJECT_DIR)",
					"$(PROJECT_DIR)/platform",
				);
				GCC_C_LANGUAGE_STANDARD = c99;
				GCC_MODEL_TUNING = G5;
				GCC_NO_COMMON_BLOCKS = YES;
				GCC_PRECOMPILE_PREFIX_HEADER = YES;
				GCC_PREFIX_HEADER = TiGooglemaps_Prefix.pch;
				GCC_PREPROCESSOR_DEFINITIONS = "TI_VERSION=$(TI_VERSION)";
				GCC_TREAT_WARNINGS_AS_ERRORS = NO;
				GCC_VERSION = "";
				GCC_WARN_64_TO_32_BIT_CONVERSION = YES;
				GCC_WARN_ABOUT_RETURN_TYPE = NO;
				GCC_WARN_MISSING_PARENTHESES = NO;
				GCC_WARN_SHADOW = NO;
				GCC_WARN_STRICT_SELECTOR_MATCH = NO;
				GCC_WARN_UNDECLARED_SELECTOR = YES;
				GCC_WARN_UNINITIALIZED_AUTOS = YES;
				GCC_WARN_UNUSED_FUNCTION = YES;
				GCC_WARN_UNUSED_PARAMETER = NO;
				GCC_WARN_UNUSED_VALUE = NO;
				GCC_WARN_UNUSED_VARIABLE = NO;
				INSTALL_PATH = /usr/local/lib;
				IPHONEOS_DEPLOYMENT_TARGET = 6.0;
				OTHER_CFLAGS = "-DTI_POST_1_2";
				OTHER_LDFLAGS = "-ObjC";
				PRODUCT_NAME = TiGooglemaps;
				RUN_CLANG_STATIC_ANALYZER = NO;
				SDKROOT = iphoneos;
				USER_HEADER_SEARCH_PATHS = "";
				VALID_ARCHS = "$(ARCHS_STANDARD)";
			};
			name = Release;
		};
		24416B8211C4CA220047AFDD /* Debug */ = {
			isa = XCBuildConfiguration;
			baseConfigurationReference = 24DD6D1B1134B66800162E58 /* titanium.xcconfig */;
			buildSettings = {
				COPY_PHASE_STRIP = NO;
				GCC_DYNAMIC_NO_PIC = NO;
				GCC_OPTIMIZATION_LEVEL = 0;
				PRODUCT_NAME = "Build & test";
			};
			name = Debug;
		};
		24416B8311C4CA220047AFDD /* Release */ = {
			isa = XCBuildConfiguration;
			baseConfigurationReference = 24DD6D1B1134B66800162E58 /* titanium.xcconfig */;
			buildSettings = {
				COPY_PHASE_STRIP = YES;
				DEBUG_INFORMATION_FORMAT = "dwarf-with-dsym";
				GCC_ENABLE_FIX_AND_CONTINUE = NO;
				PRODUCT_NAME = "Build & test";
				ZERO_LINK = NO;
			};
			name = Release;
		};
/* End XCBuildConfiguration section */

/* Begin XCConfigurationList section */
		1DEB921E08733DC00010E9CD /* Build configuration list for PBXNativeTarget "ti.googlemaps" */ = {
			isa = XCConfigurationList;
			buildConfigurations = (
				1DEB921F08733DC00010E9CD /* Debug */,
				1DEB922008733DC00010E9CD /* Release */,
			);
			defaultConfigurationIsVisible = 0;
			defaultConfigurationName = Release;
		};
		1DEB922208733DC00010E9CD /* Build configuration list for PBXProject "ti.googlemaps" */ = {
			isa = XCConfigurationList;
			buildConfigurations = (
				1DEB922308733DC00010E9CD /* Debug */,
				1DEB922408733DC00010E9CD /* Release */,
			);
			defaultConfigurationIsVisible = 0;
			defaultConfigurationName = Release;
		};
		24416B8A11C4CA520047AFDD /* Build configuration list for PBXAggregateTarget "Build & Test" */ = {
			isa = XCConfigurationList;
			buildConfigurations = (
				24416B8211C4CA220047AFDD /* Debug */,
				24416B8311C4CA220047AFDD /* Release */,
			);
			defaultConfigurationIsVisible = 0;
			defaultConfigurationName = Release;
		};
/* End XCConfigurationList section */
	};
	rootObject = 0867D690FE84028FC02AAC07 /* Project object */;
}
