// !$*UTF8*$!
{
	archiveVersion = 1;
	classes = {
	};
	objectVersion = 46;
	objects = {

/* Begin PBXAggregateTarget section */
		24416B8111C4CA220047AFDD /* Build & Test */ = {
			isa = PBXAggregateTarget;
			buildConfigurationList = 24416B8A11C4CA520047AFDD /* Build configuration list for PBXAggregateTarget "Build & Test" */;
			buildPhases = (
				24416B8011C4CA220047AFDD /* ShellScript */,
			);
			dependencies = (
				24416B8511C4CA280047AFDD /* PBXTargetDependency */,
			);
			name = "Build & Test";
			productName = "Build & test";
		};
/* End PBXAggregateTarget section */

/* Begin PBXBuildFile section */
		24DD6CF91134B3F500162E58 /* TiGooglemapsModule.h in Headers */ = {isa = PBXBuildFile; fileRef = 24DD6CF71134B3F500162E58 /* TiGooglemapsModule.h */; };
		24DD6CFA1134B3F500162E58 /* TiGooglemapsModule.m in Sources */ = {isa = PBXBuildFile; fileRef = 24DD6CF81134B3F500162E58 /* TiGooglemapsModule.m */; };
		24DE9E1111C5FE74003F90F6 /* TiGooglemapsModuleAssets.h in Headers */ = {isa = PBXBuildFile; fileRef = 24DE9E0F11C5FE74003F90F6 /* TiGooglemapsModuleAssets.h */; };
		24DE9E1211C5FE74003F90F6 /* TiGooglemapsModuleAssets.m in Sources */ = {isa = PBXBuildFile; fileRef = 24DE9E1011C5FE74003F90F6 /* TiGooglemapsModuleAssets.m */; };
		3A433EFE1BE9AB0C0005C8AE /* TiGooglemapsPolylineProxy.h in Headers */ = {isa = PBXBuildFile; fileRef = 3A433EFC1BE9AB0C0005C8AE /* TiGooglemapsPolylineProxy.h */; };
		3A433EFF1BE9AB0C0005C8AE /* TiGooglemapsPolylineProxy.m in Sources */ = {isa = PBXBuildFile; fileRef = 3A433EFD1BE9AB0C0005C8AE /* TiGooglemapsPolylineProxy.m */; };
		3A433F021BE9AB270005C8AE /* TiGooglemapsPolygonProxy.h in Headers */ = {isa = PBXBuildFile; fileRef = 3A433F001BE9AB270005C8AE /* TiGooglemapsPolygonProxy.h */; };
		3A433F031BE9AB270005C8AE /* TiGooglemapsPolygonProxy.m in Sources */ = {isa = PBXBuildFile; fileRef = 3A433F011BE9AB270005C8AE /* TiGooglemapsPolygonProxy.m */; };
		3A433F071BE9AE620005C8AE /* TiGooglemapsCircleProxy.h in Headers */ = {isa = PBXBuildFile; fileRef = 3A433F051BE9AE620005C8AE /* TiGooglemapsCircleProxy.h */; };
		3A433F081BE9AE620005C8AE /* TiGooglemapsCircleProxy.m in Sources */ = {isa = PBXBuildFile; fileRef = 3A433F061BE9AE620005C8AE /* TiGooglemapsCircleProxy.m */; };
		3A7097E21BF1CD9B0044DBFB /* ImageIO.framework in Frameworks */ = {isa = PBXBuildFile; fileRef = 3AF900A31BC1ED7800172627 /* ImageIO.framework */; };
		3ACA7B111D2986FC00847EBF /* TiGooglemapsAutocompleteDialogProxy.h in Headers */ = {isa = PBXBuildFile; fileRef = 3ACA7B0F1D2986FC00847EBF /* TiGooglemapsAutocompleteDialogProxy.h */; };
		3ACA7B121D2986FC00847EBF /* TiGooglemapsAutocompleteDialogProxy.m in Sources */ = {isa = PBXBuildFile; fileRef = 3ACA7B101D2986FC00847EBF /* TiGooglemapsAutocompleteDialogProxy.m */; };
		3ACF6A121CBA800600BC765B /* TiGooglemapsAnnotationProxy.h in Headers */ = {isa = PBXBuildFile; fileRef = 3ACF6A101CBA800600BC765B /* TiGooglemapsAnnotationProxy.h */; };
		3ACF6A131CBA800600BC765B /* TiGooglemapsAnnotationProxy.m in Sources */ = {isa = PBXBuildFile; fileRef = 3ACF6A111CBA800600BC765B /* TiGooglemapsAnnotationProxy.m */; };
		3ACF6A1A1CBA874700BC765B /* TiGooglemapsView.h in Headers */ = {isa = PBXBuildFile; fileRef = 3ACF6A161CBA874700BC765B /* TiGooglemapsView.h */; };
		3ACF6A1B1CBA874700BC765B /* TiGooglemapsView.m in Sources */ = {isa = PBXBuildFile; fileRef = 3ACF6A171CBA874700BC765B /* TiGooglemapsView.m */; };
		3ACF6A1C1CBA874700BC765B /* TiGooglemapsViewProxy.h in Headers */ = {isa = PBXBuildFile; fileRef = 3ACF6A181CBA874700BC765B /* TiGooglemapsViewProxy.h */; };
		3ACF6A1D1CBA874700BC765B /* TiGooglemapsViewProxy.m in Sources */ = {isa = PBXBuildFile; fileRef = 3ACF6A191CBA874700BC765B /* TiGooglemapsViewProxy.m */; };
		3AF900AB1BC1ED7800172627 /* Accelerate.framework in Frameworks */ = {isa = PBXBuildFile; fileRef = 3AF9009B1BC1ED7800172627 /* Accelerate.framework */; };
		3AF900AC1BC1ED7800172627 /* AVFoundation.framework in Frameworks */ = {isa = PBXBuildFile; fileRef = 3AF9009C1BC1ED7800172627 /* AVFoundation.framework */; };
		3AF900AD1BC1ED7800172627 /* CoreBluetooth.framework in Frameworks */ = {isa = PBXBuildFile; fileRef = 3AF9009D1BC1ED7800172627 /* CoreBluetooth.framework */; };
		3AF900AE1BC1ED7800172627 /* CoreData.framework in Frameworks */ = {isa = PBXBuildFile; fileRef = 3AF9009E1BC1ED7800172627 /* CoreData.framework */; };
		3AF900AF1BC1ED7800172627 /* CoreGraphics.framework in Frameworks */ = {isa = PBXBuildFile; fileRef = 3AF9009F1BC1ED7800172627 /* CoreGraphics.framework */; };
		3AF900B01BC1ED7800172627 /* CoreLocation.framework in Frameworks */ = {isa = PBXBuildFile; fileRef = 3AF900A01BC1ED7800172627 /* CoreLocation.framework */; };
		3AF900B11BC1ED7800172627 /* CoreText.framework in Frameworks */ = {isa = PBXBuildFile; fileRef = 3AF900A11BC1ED7800172627 /* CoreText.framework */; };
		3AF900B21BC1ED7800172627 /* GLKit.framework in Frameworks */ = {isa = PBXBuildFile; fileRef = 3AF900A21BC1ED7800172627 /* GLKit.framework */; };
		3AF900B71BC1ED7800172627 /* OpenGLES.framework in Frameworks */ = {isa = PBXBuildFile; fileRef = 3AF900A71BC1ED7800172627 /* OpenGLES.framework */; };
		3AF900B81BC1ED7800172627 /* QuartzCore.framework in Frameworks */ = {isa = PBXBuildFile; fileRef = 3AF900A81BC1ED7800172627 /* QuartzCore.framework */; };
		3AF900B91BC1ED7800172627 /* Security.framework in Frameworks */ = {isa = PBXBuildFile; fileRef = 3AF900A91BC1ED7800172627 /* Security.framework */; };
		3AF900BA1BC1ED7800172627 /* SystemConfiguration.framework in Frameworks */ = {isa = PBXBuildFile; fileRef = 3AF900AA1BC1ED7800172627 /* SystemConfiguration.framework */; };
		AA747D9F0F9514B9006C5449 /* TiGooglemaps_Prefix.pch in Headers */ = {isa = PBXBuildFile; fileRef = AA747D9E0F9514B9006C5449 /* TiGooglemaps_Prefix.pch */; };
		AACBBE4A0F95108600F1A2B1 /* Foundation.framework in Frameworks */ = {isa = PBXBuildFile; fileRef = AACBBE490F95108600F1A2B1 /* Foundation.framework */; };
		DB0A810B1E1310BE00F03FE9 /* GMUClusterAlgorithm.h in Headers */ = {isa = PBXBuildFile; fileRef = DB0A80F11E1310BE00F03FE9 /* GMUClusterAlgorithm.h */; };
		DB0A810C1E1310BE00F03FE9 /* GMUGridBasedClusterAlgorithm.h in Headers */ = {isa = PBXBuildFile; fileRef = DB0A80F21E1310BE00F03FE9 /* GMUGridBasedClusterAlgorithm.h */; };
		DB0A810D1E1310BE00F03FE9 /* GMUGridBasedClusterAlgorithm.m in Sources */ = {isa = PBXBuildFile; fileRef = DB0A80F31E1310BE00F03FE9 /* GMUGridBasedClusterAlgorithm.m */; settings = {COMPILER_FLAGS = "-fobjc-arc"; }; };
		DB0A810E1E1310BE00F03FE9 /* GMUNonHierarchicalDistanceBasedAlgorithm.h in Headers */ = {isa = PBXBuildFile; fileRef = DB0A80F41E1310BE00F03FE9 /* GMUNonHierarchicalDistanceBasedAlgorithm.h */; };
		DB0A810F1E1310BE00F03FE9 /* GMUNonHierarchicalDistanceBasedAlgorithm.m in Sources */ = {isa = PBXBuildFile; fileRef = DB0A80F51E1310BE00F03FE9 /* GMUNonHierarchicalDistanceBasedAlgorithm.m */; settings = {COMPILER_FLAGS = "-fobjc-arc"; }; };
		DB0A81101E1310BE00F03FE9 /* GMUSimpleClusterAlgorithm.h in Headers */ = {isa = PBXBuildFile; fileRef = DB0A80F61E1310BE00F03FE9 /* GMUSimpleClusterAlgorithm.h */; };
		DB0A81111E1310BE00F03FE9 /* GMUSimpleClusterAlgorithm.m in Sources */ = {isa = PBXBuildFile; fileRef = DB0A80F71E1310BE00F03FE9 /* GMUSimpleClusterAlgorithm.m */; settings = {COMPILER_FLAGS = "-fobjc-arc"; }; };
		DB0A81121E1310BE00F03FE9 /* GMUWrappingDictionaryKey.h in Headers */ = {isa = PBXBuildFile; fileRef = DB0A80F81E1310BE00F03FE9 /* GMUWrappingDictionaryKey.h */; };
		DB0A81131E1310BE00F03FE9 /* GMUWrappingDictionaryKey.m in Sources */ = {isa = PBXBuildFile; fileRef = DB0A80F91E1310BE00F03FE9 /* GMUWrappingDictionaryKey.m */; settings = {COMPILER_FLAGS = "-fobjc-arc"; }; };
		DB0A81141E1310BE00F03FE9 /* GMUCluster.h in Headers */ = {isa = PBXBuildFile; fileRef = DB0A80FA1E1310BE00F03FE9 /* GMUCluster.h */; };
		DB0A81151E1310BE00F03FE9 /* GMUClusterItem.h in Headers */ = {isa = PBXBuildFile; fileRef = DB0A80FB1E1310BE00F03FE9 /* GMUClusterItem.h */; };
		DB0A81161E1310BE00F03FE9 /* GMUClusterManager+Testing.h in Headers */ = {isa = PBXBuildFile; fileRef = DB0A80FC1E1310BE00F03FE9 /* GMUClusterManager+Testing.h */; };
		DB0A81171E1310BE00F03FE9 /* GMUClusterManager.h in Headers */ = {isa = PBXBuildFile; fileRef = DB0A80FD1E1310BE00F03FE9 /* GMUClusterManager.h */; };
		DB0A81181E1310BE00F03FE9 /* GMUClusterManager.m in Sources */ = {isa = PBXBuildFile; fileRef = DB0A80FE1E1310BE00F03FE9 /* GMUClusterManager.m */; settings = {COMPILER_FLAGS = "-fobjc-arc"; }; };
		DB0A81191E1310BE00F03FE9 /* GMUMarkerClustering.h in Headers */ = {isa = PBXBuildFile; fileRef = DB0A80FF1E1310BE00F03FE9 /* GMUMarkerClustering.h */; };
		DB0A811A1E1310BE00F03FE9 /* GMUStaticCluster.h in Headers */ = {isa = PBXBuildFile; fileRef = DB0A81001E1310BE00F03FE9 /* GMUStaticCluster.h */; };
		DB0A811B1E1310BE00F03FE9 /* GMUStaticCluster.m in Sources */ = {isa = PBXBuildFile; fileRef = DB0A81011E1310BE00F03FE9 /* GMUStaticCluster.m */; settings = {COMPILER_FLAGS = "-fobjc-arc"; }; };
		DB0A811C1E1310BE00F03FE9 /* GMUClusterIconGenerator.h in Headers */ = {isa = PBXBuildFile; fileRef = DB0A81031E1310BE00F03FE9 /* GMUClusterIconGenerator.h */; };
		DB0A811D1E1310BE00F03FE9 /* GMUClusterRenderer.h in Headers */ = {isa = PBXBuildFile; fileRef = DB0A81041E1310BE00F03FE9 /* GMUClusterRenderer.h */; };
		DB0A811E1E1310BE00F03FE9 /* GMUDefaultClusterIconGenerator+Testing.h in Headers */ = {isa = PBXBuildFile; fileRef = DB0A81051E1310BE00F03FE9 /* GMUDefaultClusterIconGenerator+Testing.h */; };
		DB0A811F1E1310BE00F03FE9 /* GMUDefaultClusterIconGenerator.h in Headers */ = {isa = PBXBuildFile; fileRef = DB0A81061E1310BE00F03FE9 /* GMUDefaultClusterIconGenerator.h */; };
		DB0A81201E1310BE00F03FE9 /* GMUDefaultClusterIconGenerator.m in Sources */ = {isa = PBXBuildFile; fileRef = DB0A81071E1310BE00F03FE9 /* GMUDefaultClusterIconGenerator.m */; settings = {COMPILER_FLAGS = "-fobjc-arc"; }; };
		DB0A81211E1310BE00F03FE9 /* GMUDefaultClusterRenderer+Testing.h in Headers */ = {isa = PBXBuildFile; fileRef = DB0A81081E1310BE00F03FE9 /* GMUDefaultClusterRenderer+Testing.h */; };
		DB0A81221E1310BE00F03FE9 /* GMUDefaultClusterRenderer.h in Headers */ = {isa = PBXBuildFile; fileRef = DB0A81091E1310BE00F03FE9 /* GMUDefaultClusterRenderer.h */; };
		DB0A81231E1310BE00F03FE9 /* GMUDefaultClusterRenderer.m in Sources */ = {isa = PBXBuildFile; fileRef = DB0A810A1E1310BE00F03FE9 /* GMUDefaultClusterRenderer.m */; settings = {COMPILER_FLAGS = "-fobjc-arc"; }; };
		DB0A812C1E13111600F03FE9 /* GQTBounds.h in Headers */ = {isa = PBXBuildFile; fileRef = DB0A81251E13111600F03FE9 /* GQTBounds.h */; };
		DB0A812D1E13111600F03FE9 /* GQTPoint.h in Headers */ = {isa = PBXBuildFile; fileRef = DB0A81261E13111600F03FE9 /* GQTPoint.h */; };
		DB0A812E1E13111600F03FE9 /* GQTPointQuadTree.h in Headers */ = {isa = PBXBuildFile; fileRef = DB0A81271E13111600F03FE9 /* GQTPointQuadTree.h */; };
		DB0A812F1E13111600F03FE9 /* GQTPointQuadTree.m in Sources */ = {isa = PBXBuildFile; fileRef = DB0A81281E13111600F03FE9 /* GQTPointQuadTree.m */; settings = {COMPILER_FLAGS = "-fobjc-arc"; }; };
		DB0A81301E13111600F03FE9 /* GQTPointQuadTreeChild.h in Headers */ = {isa = PBXBuildFile; fileRef = DB0A81291E13111600F03FE9 /* GQTPointQuadTreeChild.h */; };
		DB0A81311E13111600F03FE9 /* GQTPointQuadTreeChild.m in Sources */ = {isa = PBXBuildFile; fileRef = DB0A812A1E13111600F03FE9 /* GQTPointQuadTreeChild.m */; settings = {COMPILER_FLAGS = "-fobjc-arc"; }; };
		DB0A81321E13111600F03FE9 /* GQTPointQuadTreeItem.h in Headers */ = {isa = PBXBuildFile; fileRef = DB0A812B1E13111600F03FE9 /* GQTPointQuadTreeItem.h */; };
		DB0A81361E1315D700F03FE9 /* TiGooglemapsClusterItemProxy.h in Headers */ = {isa = PBXBuildFile; fileRef = DB0A81341E1315D700F03FE9 /* TiGooglemapsClusterItemProxy.h */; };
		DB0A81371E1315D700F03FE9 /* TiGooglemapsClusterItemProxy.m in Sources */ = {isa = PBXBuildFile; fileRef = DB0A81351E1315D700F03FE9 /* TiGooglemapsClusterItemProxy.m */; };
		DB0C69541E49D6DF000F8FA2 /* TiGMSHTTPClient.h in Headers */ = {isa = PBXBuildFile; fileRef = DB0C69521E49D6DF000F8FA2 /* TiGMSHTTPClient.h */; };
		DB0C69551E49D6DF000F8FA2 /* TiGMSHTTPClient.m in Sources */ = {isa = PBXBuildFile; fileRef = DB0C69531E49D6DF000F8FA2 /* TiGMSHTTPClient.m */; };
		DB11CE291E1704D9006D0FB2 /* TiGooglemapsCameraUpdateProxy.h in Headers */ = {isa = PBXBuildFile; fileRef = DB11CE271E1704D9006D0FB2 /* TiGooglemapsCameraUpdateProxy.h */; };
		DB11CE2A1E1704D9006D0FB2 /* TiGooglemapsCameraUpdateProxy.m in Sources */ = {isa = PBXBuildFile; fileRef = DB11CE281E1704D9006D0FB2 /* TiGooglemapsCameraUpdateProxy.m */; };
		DB37298D1E15BF65009CD6B7 /* TiClusterIconGenerator.h in Headers */ = {isa = PBXBuildFile; fileRef = DB37298B1E15BF65009CD6B7 /* TiClusterIconGenerator.h */; };
		DB37298E1E15BF65009CD6B7 /* TiClusterIconGenerator.m in Sources */ = {isa = PBXBuildFile; fileRef = DB37298C1E15BF65009CD6B7 /* TiClusterIconGenerator.m */; };
		DB6BD6DC1F5C77BB00B710BF /* TiGooglemapsPlacePickerDialogProxy.m in Sources */ = {isa = PBXBuildFile; fileRef = DB6BD6DB1F5C778D00B710BF /* TiGooglemapsPlacePickerDialogProxy.m */; };
		DB6BD6DD1F5C77CA00B710BF /* TiGooglemapsPlacePickerDialogProxy.h in Headers */ = {isa = PBXBuildFile; fileRef = DB6BD6DA1F5C778D00B710BF /* TiGooglemapsPlacePickerDialogProxy.h */; };
		DB91F9991E15C28400DFA78B /* TiClusterRenderer.h in Headers */ = {isa = PBXBuildFile; fileRef = DB91F9971E15C28400DFA78B /* TiClusterRenderer.h */; };
		DB91F99A1E15C28400DFA78B /* TiClusterRenderer.m in Sources */ = {isa = PBXBuildFile; fileRef = DB91F9981E15C28400DFA78B /* TiClusterRenderer.m */; };
		DB91F99D1E15C8B400DFA78B /* TiPOIItem.h in Headers */ = {isa = PBXBuildFile; fileRef = DB91F99B1E15C8B400DFA78B /* TiPOIItem.h */; };
		DB91F99E1E15C8B400DFA78B /* TiPOIItem.m in Sources */ = {isa = PBXBuildFile; fileRef = DB91F99C1E15C8B400DFA78B /* TiPOIItem.m */; };
		DB9FB86E1E47399300A0790E /* TiGooglemapsTileProxy.h in Headers */ = {isa = PBXBuildFile; fileRef = DB9FB86C1E47399300A0790E /* TiGooglemapsTileProxy.h */; };
		DB9FB86F1E47399300A0790E /* TiGooglemapsTileProxy.m in Sources */ = {isa = PBXBuildFile; fileRef = DB9FB86D1E47399300A0790E /* TiGooglemapsTileProxy.m */; };
		DBA037041DB1125D004279F0 /* GoogleMaps.framework in Frameworks */ = {isa = PBXBuildFile; fileRef = DBA037001DB1125D004279F0 /* GoogleMaps.framework */; };
		DBA037051DB1125D004279F0 /* GoogleMapsBase.framework in Frameworks */ = {isa = PBXBuildFile; fileRef = DBA037011DB1125D004279F0 /* GoogleMapsBase.framework */; };
		DBA037061DB1125D004279F0 /* GoogleMapsCore.framework in Frameworks */ = {isa = PBXBuildFile; fileRef = DBA037021DB1125D004279F0 /* GoogleMapsCore.framework */; };
		DBA037071DB1125D004279F0 /* GooglePlaces.framework in Frameworks */ = {isa = PBXBuildFile; fileRef = DBA037031DB1125D004279F0 /* GooglePlaces.framework */; };
		DBB7FAD91F17ED8D008EFEEA /* GMUGeoJSONParser.h in Headers */ = {isa = PBXBuildFile; fileRef = DBB7FABF1F17ED8D008EFEEA /* GMUGeoJSONParser.h */; };
		DBB7FADA1F17ED8D008EFEEA /* GMUGeoJSONParser.m in Sources */ = {isa = PBXBuildFile; fileRef = DBB7FAC01F17ED8D008EFEEA /* GMUGeoJSONParser.m */; };
		DBB7FADB1F17ED8D008EFEEA /* GMUGeometryRenderer.h in Headers */ = {isa = PBXBuildFile; fileRef = DBB7FAC11F17ED8D008EFEEA /* GMUGeometryRenderer.h */; };
		DBB7FADC1F17ED8D008EFEEA /* GMUGeometryRenderer.m in Sources */ = {isa = PBXBuildFile; fileRef = DBB7FAC21F17ED8D008EFEEA /* GMUGeometryRenderer.m */; };
		DBB7FADD1F17ED8D008EFEEA /* GMUGeometryRenderer+Testing.h in Headers */ = {isa = PBXBuildFile; fileRef = DBB7FAC31F17ED8D008EFEEA /* GMUGeometryRenderer+Testing.h */; };
		DBB7FADE1F17ED8D008EFEEA /* GMUKMLParser.h in Headers */ = {isa = PBXBuildFile; fileRef = DBB7FAC41F17ED8D008EFEEA /* GMUKMLParser.h */; };
		DBB7FADF1F17ED8D008EFEEA /* GMUKMLParser.m in Sources */ = {isa = PBXBuildFile; fileRef = DBB7FAC51F17ED8D008EFEEA /* GMUKMLParser.m */; };
		DBB7FAE01F17ED8D008EFEEA /* GMUFeature.h in Headers */ = {isa = PBXBuildFile; fileRef = DBB7FAC71F17ED8D008EFEEA /* GMUFeature.h */; };
		DBB7FAE11F17ED8D008EFEEA /* GMUFeature.m in Sources */ = {isa = PBXBuildFile; fileRef = DBB7FAC81F17ED8D008EFEEA /* GMUFeature.m */; };
		DBB7FAE21F17ED8D008EFEEA /* GMUGeometry.h in Headers */ = {isa = PBXBuildFile; fileRef = DBB7FAC91F17ED8D008EFEEA /* GMUGeometry.h */; };
		DBB7FAE31F17ED8D008EFEEA /* GMUGeometryCollection.h in Headers */ = {isa = PBXBuildFile; fileRef = DBB7FACA1F17ED8D008EFEEA /* GMUGeometryCollection.h */; };
		DBB7FAE41F17ED8D008EFEEA /* GMUGeometryCollection.m in Sources */ = {isa = PBXBuildFile; fileRef = DBB7FACB1F17ED8D008EFEEA /* GMUGeometryCollection.m */; };
		DBB7FAE51F17ED8D008EFEEA /* GMUGeometryContainer.h in Headers */ = {isa = PBXBuildFile; fileRef = DBB7FACC1F17ED8D008EFEEA /* GMUGeometryContainer.h */; };
		DBB7FAE61F17ED8D008EFEEA /* GMUGroundOverlay.h in Headers */ = {isa = PBXBuildFile; fileRef = DBB7FACD1F17ED8D008EFEEA /* GMUGroundOverlay.h */; };
		DBB7FAE71F17ED8E008EFEEA /* GMUGroundOverlay.m in Sources */ = {isa = PBXBuildFile; fileRef = DBB7FACE1F17ED8D008EFEEA /* GMUGroundOverlay.m */; };
		DBB7FAE81F17ED8E008EFEEA /* GMULineString.h in Headers */ = {isa = PBXBuildFile; fileRef = DBB7FACF1F17ED8D008EFEEA /* GMULineString.h */; };
		DBB7FAE91F17ED8E008EFEEA /* GMULineString.m in Sources */ = {isa = PBXBuildFile; fileRef = DBB7FAD01F17ED8D008EFEEA /* GMULineString.m */; };
		DBB7FAEA1F17ED8E008EFEEA /* GMUPlacemark.h in Headers */ = {isa = PBXBuildFile; fileRef = DBB7FAD11F17ED8D008EFEEA /* GMUPlacemark.h */; };
		DBB7FAEB1F17ED8E008EFEEA /* GMUPlacemark.m in Sources */ = {isa = PBXBuildFile; fileRef = DBB7FAD21F17ED8D008EFEEA /* GMUPlacemark.m */; };
		DBB7FAEC1F17ED8E008EFEEA /* GMUPoint.h in Headers */ = {isa = PBXBuildFile; fileRef = DBB7FAD31F17ED8D008EFEEA /* GMUPoint.h */; };
		DBB7FAED1F17ED8E008EFEEA /* GMUPoint.m in Sources */ = {isa = PBXBuildFile; fileRef = DBB7FAD41F17ED8D008EFEEA /* GMUPoint.m */; };
		DBB7FAEE1F17ED8E008EFEEA /* GMUPolygon.h in Headers */ = {isa = PBXBuildFile; fileRef = DBB7FAD51F17ED8D008EFEEA /* GMUPolygon.h */; };
		DBB7FAEF1F17ED8E008EFEEA /* GMUPolygon.m in Sources */ = {isa = PBXBuildFile; fileRef = DBB7FAD61F17ED8D008EFEEA /* GMUPolygon.m */; };
		DBB7FAF01F17ED8E008EFEEA /* GMUStyle.h in Headers */ = {isa = PBXBuildFile; fileRef = DBB7FAD71F17ED8D008EFEEA /* GMUStyle.h */; };
		DBB7FAF11F17ED8E008EFEEA /* GMUStyle.m in Sources */ = {isa = PBXBuildFile; fileRef = DBB7FAD81F17ED8D008EFEEA /* GMUStyle.m */; };
		DBEB0D651F19D518005C692F /* TiGooglemapsIndoorDisplayProxy.h in Headers */ = {isa = PBXBuildFile; fileRef = DBEB0D631F19D518005C692F /* TiGooglemapsIndoorDisplayProxy.h */; };
		DBEB0D661F19D518005C692F /* TiGooglemapsIndoorDisplayProxy.m in Sources */ = {isa = PBXBuildFile; fileRef = DBEB0D641F19D518005C692F /* TiGooglemapsIndoorDisplayProxy.m */; };
		DBEB0D691F19D976005C692F /* TiGooglemapsIndoorLevelProxy.h in Headers */ = {isa = PBXBuildFile; fileRef = DBEB0D671F19D976005C692F /* TiGooglemapsIndoorLevelProxy.h */; };
		DBEB0D6A1F19D976005C692F /* TiGooglemapsIndoorLevelProxy.m in Sources */ = {isa = PBXBuildFile; fileRef = DBEB0D681F19D976005C692F /* TiGooglemapsIndoorLevelProxy.m */; };
		DBEFA8DD1F19272700A8FA1D /* TiGooglemapsRendererProxy.h in Headers */ = {isa = PBXBuildFile; fileRef = DBEFA8DB1F19272700A8FA1D /* TiGooglemapsRendererProxy.h */; };
		DBEFA8DE1F19272700A8FA1D /* TiGooglemapsRendererProxy.m in Sources */ = {isa = PBXBuildFile; fileRef = DBEFA8DC1F19272700A8FA1D /* TiGooglemapsRendererProxy.m */; };
/* End PBXBuildFile section */

/* Begin PBXContainerItemProxy section */
		24416B8411C4CA280047AFDD /* PBXContainerItemProxy */ = {
			isa = PBXContainerItemProxy;
			containerPortal = 0867D690FE84028FC02AAC07 /* Project object */;
			proxyType = 1;
			remoteGlobalIDString = D2AAC07D0554694100DB518D;
			remoteInfo = ti.googlemaps;
		};
/* End PBXContainerItemProxy section */

/* Begin PBXFileReference section */
		24DD6CF71134B3F500162E58 /* TiGooglemapsModule.h */ = {isa = PBXFileReference; fileEncoding = 4; lastKnownFileType = sourcecode.c.h; name = TiGooglemapsModule.h; path = Classes/TiGooglemapsModule.h; sourceTree = "<group>"; };
		24DD6CF81134B3F500162E58 /* TiGooglemapsModule.m */ = {isa = PBXFileReference; fileEncoding = 4; lastKnownFileType = sourcecode.c.objc; name = TiGooglemapsModule.m; path = Classes/TiGooglemapsModule.m; sourceTree = "<group>"; };
		24DD6D1B1134B66800162E58 /* titanium.xcconfig */ = {isa = PBXFileReference; fileEncoding = 4; lastKnownFileType = text.xcconfig; path = titanium.xcconfig; sourceTree = "<group>"; };
		24DE9E0F11C5FE74003F90F6 /* TiGooglemapsModuleAssets.h */ = {isa = PBXFileReference; fileEncoding = 4; lastKnownFileType = sourcecode.c.h; name = TiGooglemapsModuleAssets.h; path = Classes/TiGooglemapsModuleAssets.h; sourceTree = "<group>"; };
		24DE9E1011C5FE74003F90F6 /* TiGooglemapsModuleAssets.m */ = {isa = PBXFileReference; fileEncoding = 4; lastKnownFileType = sourcecode.c.objc; name = TiGooglemapsModuleAssets.m; path = Classes/TiGooglemapsModuleAssets.m; sourceTree = "<group>"; };
		3A142F471C87748D00215B67 /* TiGooglemapsConstants.h */ = {isa = PBXFileReference; lastKnownFileType = sourcecode.c.h; name = TiGooglemapsConstants.h; path = Classes/TiGooglemapsConstants.h; sourceTree = "<group>"; };
		3A433EFC1BE9AB0C0005C8AE /* TiGooglemapsPolylineProxy.h */ = {isa = PBXFileReference; fileEncoding = 4; lastKnownFileType = sourcecode.c.h; name = TiGooglemapsPolylineProxy.h; path = Classes/TiGooglemapsPolylineProxy.h; sourceTree = "<group>"; };
		3A433EFD1BE9AB0C0005C8AE /* TiGooglemapsPolylineProxy.m */ = {isa = PBXFileReference; fileEncoding = 4; lastKnownFileType = sourcecode.c.objc; name = TiGooglemapsPolylineProxy.m; path = Classes/TiGooglemapsPolylineProxy.m; sourceTree = "<group>"; };
		3A433F001BE9AB270005C8AE /* TiGooglemapsPolygonProxy.h */ = {isa = PBXFileReference; fileEncoding = 4; lastKnownFileType = sourcecode.c.h; name = TiGooglemapsPolygonProxy.h; path = Classes/TiGooglemapsPolygonProxy.h; sourceTree = "<group>"; };
		3A433F011BE9AB270005C8AE /* TiGooglemapsPolygonProxy.m */ = {isa = PBXFileReference; fileEncoding = 4; lastKnownFileType = sourcecode.c.objc; name = TiGooglemapsPolygonProxy.m; path = Classes/TiGooglemapsPolygonProxy.m; sourceTree = "<group>"; };
		3A433F051BE9AE620005C8AE /* TiGooglemapsCircleProxy.h */ = {isa = PBXFileReference; fileEncoding = 4; lastKnownFileType = sourcecode.c.h; name = TiGooglemapsCircleProxy.h; path = Classes/TiGooglemapsCircleProxy.h; sourceTree = "<group>"; };
		3A433F061BE9AE620005C8AE /* TiGooglemapsCircleProxy.m */ = {isa = PBXFileReference; fileEncoding = 4; lastKnownFileType = sourcecode.c.objc; name = TiGooglemapsCircleProxy.m; path = Classes/TiGooglemapsCircleProxy.m; sourceTree = "<group>"; };
		3ACA7B0F1D2986FC00847EBF /* TiGooglemapsAutocompleteDialogProxy.h */ = {isa = PBXFileReference; fileEncoding = 4; lastKnownFileType = sourcecode.c.h; name = TiGooglemapsAutocompleteDialogProxy.h; path = Classes/TiGooglemapsAutocompleteDialogProxy.h; sourceTree = "<group>"; };
		3ACA7B101D2986FC00847EBF /* TiGooglemapsAutocompleteDialogProxy.m */ = {isa = PBXFileReference; fileEncoding = 4; lastKnownFileType = sourcecode.c.objc; name = TiGooglemapsAutocompleteDialogProxy.m; path = Classes/TiGooglemapsAutocompleteDialogProxy.m; sourceTree = "<group>"; };
		3ACF6A101CBA800600BC765B /* TiGooglemapsAnnotationProxy.h */ = {isa = PBXFileReference; fileEncoding = 4; lastKnownFileType = sourcecode.c.h; name = TiGooglemapsAnnotationProxy.h; path = Classes/TiGooglemapsAnnotationProxy.h; sourceTree = "<group>"; };
		3ACF6A111CBA800600BC765B /* TiGooglemapsAnnotationProxy.m */ = {isa = PBXFileReference; fileEncoding = 4; lastKnownFileType = sourcecode.c.objc; name = TiGooglemapsAnnotationProxy.m; path = Classes/TiGooglemapsAnnotationProxy.m; sourceTree = "<group>"; };
		3ACF6A161CBA874700BC765B /* TiGooglemapsView.h */ = {isa = PBXFileReference; fileEncoding = 4; lastKnownFileType = sourcecode.c.h; name = TiGooglemapsView.h; path = Classes/TiGooglemapsView.h; sourceTree = "<group>"; };
		3ACF6A171CBA874700BC765B /* TiGooglemapsView.m */ = {isa = PBXFileReference; fileEncoding = 4; lastKnownFileType = sourcecode.c.objc; name = TiGooglemapsView.m; path = Classes/TiGooglemapsView.m; sourceTree = "<group>"; };
		3ACF6A181CBA874700BC765B /* TiGooglemapsViewProxy.h */ = {isa = PBXFileReference; fileEncoding = 4; lastKnownFileType = sourcecode.c.h; name = TiGooglemapsViewProxy.h; path = Classes/TiGooglemapsViewProxy.h; sourceTree = "<group>"; };
		3ACF6A191CBA874700BC765B /* TiGooglemapsViewProxy.m */ = {isa = PBXFileReference; fileEncoding = 4; lastKnownFileType = sourcecode.c.objc; name = TiGooglemapsViewProxy.m; path = Classes/TiGooglemapsViewProxy.m; sourceTree = "<group>"; };
		3AF9009B1BC1ED7800172627 /* Accelerate.framework */ = {isa = PBXFileReference; lastKnownFileType = wrapper.framework; name = Accelerate.framework; path = System/Library/Frameworks/Accelerate.framework; sourceTree = SDKROOT; };
		3AF9009C1BC1ED7800172627 /* AVFoundation.framework */ = {isa = PBXFileReference; lastKnownFileType = wrapper.framework; name = AVFoundation.framework; path = System/Library/Frameworks/AVFoundation.framework; sourceTree = SDKROOT; };
		3AF9009D1BC1ED7800172627 /* CoreBluetooth.framework */ = {isa = PBXFileReference; lastKnownFileType = wrapper.framework; name = CoreBluetooth.framework; path = System/Library/Frameworks/CoreBluetooth.framework; sourceTree = SDKROOT; };
		3AF9009E1BC1ED7800172627 /* CoreData.framework */ = {isa = PBXFileReference; lastKnownFileType = wrapper.framework; name = CoreData.framework; path = System/Library/Frameworks/CoreData.framework; sourceTree = SDKROOT; };
		3AF9009F1BC1ED7800172627 /* CoreGraphics.framework */ = {isa = PBXFileReference; lastKnownFileType = wrapper.framework; name = CoreGraphics.framework; path = System/Library/Frameworks/CoreGraphics.framework; sourceTree = SDKROOT; };
		3AF900A01BC1ED7800172627 /* CoreLocation.framework */ = {isa = PBXFileReference; lastKnownFileType = wrapper.framework; name = CoreLocation.framework; path = System/Library/Frameworks/CoreLocation.framework; sourceTree = SDKROOT; };
		3AF900A11BC1ED7800172627 /* CoreText.framework */ = {isa = PBXFileReference; lastKnownFileType = wrapper.framework; name = CoreText.framework; path = System/Library/Frameworks/CoreText.framework; sourceTree = SDKROOT; };
		3AF900A21BC1ED7800172627 /* GLKit.framework */ = {isa = PBXFileReference; lastKnownFileType = wrapper.framework; name = GLKit.framework; path = System/Library/Frameworks/GLKit.framework; sourceTree = SDKROOT; };
		3AF900A31BC1ED7800172627 /* ImageIO.framework */ = {isa = PBXFileReference; lastKnownFileType = wrapper.framework; name = ImageIO.framework; path = System/Library/Frameworks/ImageIO.framework; sourceTree = SDKROOT; };
		3AF900A71BC1ED7800172627 /* OpenGLES.framework */ = {isa = PBXFileReference; lastKnownFileType = wrapper.framework; name = OpenGLES.framework; path = System/Library/Frameworks/OpenGLES.framework; sourceTree = SDKROOT; };
		3AF900A81BC1ED7800172627 /* QuartzCore.framework */ = {isa = PBXFileReference; lastKnownFileType = wrapper.framework; name = QuartzCore.framework; path = System/Library/Frameworks/QuartzCore.framework; sourceTree = SDKROOT; };
		3AF900A91BC1ED7800172627 /* Security.framework */ = {isa = PBXFileReference; lastKnownFileType = wrapper.framework; name = Security.framework; path = System/Library/Frameworks/Security.framework; sourceTree = SDKROOT; };
		3AF900AA1BC1ED7800172627 /* SystemConfiguration.framework */ = {isa = PBXFileReference; lastKnownFileType = wrapper.framework; name = SystemConfiguration.framework; path = System/Library/Frameworks/SystemConfiguration.framework; sourceTree = SDKROOT; };
		AA747D9E0F9514B9006C5449 /* TiGooglemaps_Prefix.pch */ = {isa = PBXFileReference; fileEncoding = 4; lastKnownFileType = sourcecode.c.h; path = TiGooglemaps_Prefix.pch; sourceTree = SOURCE_ROOT; };
		AACBBE490F95108600F1A2B1 /* Foundation.framework */ = {isa = PBXFileReference; lastKnownFileType = wrapper.framework; name = Foundation.framework; path = System/Library/Frameworks/Foundation.framework; sourceTree = SDKROOT; };
		D2AAC07E0554694100DB518D /* libTiGooglemaps.a */ = {isa = PBXFileReference; explicitFileType = archive.ar; includeInIndex = 0; path = libTiGooglemaps.a; sourceTree = BUILT_PRODUCTS_DIR; };
		DB0A80F11E1310BE00F03FE9 /* GMUClusterAlgorithm.h */ = {isa = PBXFileReference; fileEncoding = 4; lastKnownFileType = sourcecode.c.h; path = GMUClusterAlgorithm.h; sourceTree = "<group>"; };
		DB0A80F21E1310BE00F03FE9 /* GMUGridBasedClusterAlgorithm.h */ = {isa = PBXFileReference; fileEncoding = 4; lastKnownFileType = sourcecode.c.h; path = GMUGridBasedClusterAlgorithm.h; sourceTree = "<group>"; };
		DB0A80F31E1310BE00F03FE9 /* GMUGridBasedClusterAlgorithm.m */ = {isa = PBXFileReference; fileEncoding = 4; lastKnownFileType = sourcecode.c.objc; path = GMUGridBasedClusterAlgorithm.m; sourceTree = "<group>"; };
		DB0A80F41E1310BE00F03FE9 /* GMUNonHierarchicalDistanceBasedAlgorithm.h */ = {isa = PBXFileReference; fileEncoding = 4; lastKnownFileType = sourcecode.c.h; path = GMUNonHierarchicalDistanceBasedAlgorithm.h; sourceTree = "<group>"; };
		DB0A80F51E1310BE00F03FE9 /* GMUNonHierarchicalDistanceBasedAlgorithm.m */ = {isa = PBXFileReference; fileEncoding = 4; lastKnownFileType = sourcecode.c.objc; path = GMUNonHierarchicalDistanceBasedAlgorithm.m; sourceTree = "<group>"; };
		DB0A80F61E1310BE00F03FE9 /* GMUSimpleClusterAlgorithm.h */ = {isa = PBXFileReference; fileEncoding = 4; lastKnownFileType = sourcecode.c.h; path = GMUSimpleClusterAlgorithm.h; sourceTree = "<group>"; };
		DB0A80F71E1310BE00F03FE9 /* GMUSimpleClusterAlgorithm.m */ = {isa = PBXFileReference; fileEncoding = 4; lastKnownFileType = sourcecode.c.objc; path = GMUSimpleClusterAlgorithm.m; sourceTree = "<group>"; };
		DB0A80F81E1310BE00F03FE9 /* GMUWrappingDictionaryKey.h */ = {isa = PBXFileReference; fileEncoding = 4; lastKnownFileType = sourcecode.c.h; path = GMUWrappingDictionaryKey.h; sourceTree = "<group>"; };
		DB0A80F91E1310BE00F03FE9 /* GMUWrappingDictionaryKey.m */ = {isa = PBXFileReference; fileEncoding = 4; lastKnownFileType = sourcecode.c.objc; path = GMUWrappingDictionaryKey.m; sourceTree = "<group>"; };
		DB0A80FA1E1310BE00F03FE9 /* GMUCluster.h */ = {isa = PBXFileReference; fileEncoding = 4; lastKnownFileType = sourcecode.c.h; path = GMUCluster.h; sourceTree = "<group>"; };
		DB0A80FB1E1310BE00F03FE9 /* GMUClusterItem.h */ = {isa = PBXFileReference; fileEncoding = 4; lastKnownFileType = sourcecode.c.h; path = GMUClusterItem.h; sourceTree = "<group>"; };
		DB0A80FC1E1310BE00F03FE9 /* GMUClusterManager+Testing.h */ = {isa = PBXFileReference; fileEncoding = 4; lastKnownFileType = sourcecode.c.h; path = "GMUClusterManager+Testing.h"; sourceTree = "<group>"; };
		DB0A80FD1E1310BE00F03FE9 /* GMUClusterManager.h */ = {isa = PBXFileReference; fileEncoding = 4; lastKnownFileType = sourcecode.c.h; path = GMUClusterManager.h; sourceTree = "<group>"; };
		DB0A80FE1E1310BE00F03FE9 /* GMUClusterManager.m */ = {isa = PBXFileReference; fileEncoding = 4; lastKnownFileType = sourcecode.c.objc; path = GMUClusterManager.m; sourceTree = "<group>"; };
		DB0A80FF1E1310BE00F03FE9 /* GMUMarkerClustering.h */ = {isa = PBXFileReference; fileEncoding = 4; lastKnownFileType = sourcecode.c.h; path = GMUMarkerClustering.h; sourceTree = "<group>"; };
		DB0A81001E1310BE00F03FE9 /* GMUStaticCluster.h */ = {isa = PBXFileReference; fileEncoding = 4; lastKnownFileType = sourcecode.c.h; path = GMUStaticCluster.h; sourceTree = "<group>"; };
		DB0A81011E1310BE00F03FE9 /* GMUStaticCluster.m */ = {isa = PBXFileReference; fileEncoding = 4; lastKnownFileType = sourcecode.c.objc; path = GMUStaticCluster.m; sourceTree = "<group>"; };
		DB0A81031E1310BE00F03FE9 /* GMUClusterIconGenerator.h */ = {isa = PBXFileReference; fileEncoding = 4; lastKnownFileType = sourcecode.c.h; path = GMUClusterIconGenerator.h; sourceTree = "<group>"; };
		DB0A81041E1310BE00F03FE9 /* GMUClusterRenderer.h */ = {isa = PBXFileReference; fileEncoding = 4; lastKnownFileType = sourcecode.c.h; path = GMUClusterRenderer.h; sourceTree = "<group>"; };
		DB0A81051E1310BE00F03FE9 /* GMUDefaultClusterIconGenerator+Testing.h */ = {isa = PBXFileReference; fileEncoding = 4; lastKnownFileType = sourcecode.c.h; path = "GMUDefaultClusterIconGenerator+Testing.h"; sourceTree = "<group>"; };
		DB0A81061E1310BE00F03FE9 /* GMUDefaultClusterIconGenerator.h */ = {isa = PBXFileReference; fileEncoding = 4; lastKnownFileType = sourcecode.c.h; path = GMUDefaultClusterIconGenerator.h; sourceTree = "<group>"; };
		DB0A81071E1310BE00F03FE9 /* GMUDefaultClusterIconGenerator.m */ = {isa = PBXFileReference; fileEncoding = 4; lastKnownFileType = sourcecode.c.objc; path = GMUDefaultClusterIconGenerator.m; sourceTree = "<group>"; };
		DB0A81081E1310BE00F03FE9 /* GMUDefaultClusterRenderer+Testing.h */ = {isa = PBXFileReference; fileEncoding = 4; lastKnownFileType = sourcecode.c.h; path = "GMUDefaultClusterRenderer+Testing.h"; sourceTree = "<group>"; };
		DB0A81091E1310BE00F03FE9 /* GMUDefaultClusterRenderer.h */ = {isa = PBXFileReference; fileEncoding = 4; lastKnownFileType = sourcecode.c.h; path = GMUDefaultClusterRenderer.h; sourceTree = "<group>"; };
		DB0A810A1E1310BE00F03FE9 /* GMUDefaultClusterRenderer.m */ = {isa = PBXFileReference; fileEncoding = 4; lastKnownFileType = sourcecode.c.objc; path = GMUDefaultClusterRenderer.m; sourceTree = "<group>"; };
		DB0A81251E13111600F03FE9 /* GQTBounds.h */ = {isa = PBXFileReference; fileEncoding = 4; lastKnownFileType = sourcecode.c.h; path = GQTBounds.h; sourceTree = "<group>"; };
		DB0A81261E13111600F03FE9 /* GQTPoint.h */ = {isa = PBXFileReference; fileEncoding = 4; lastKnownFileType = sourcecode.c.h; path = GQTPoint.h; sourceTree = "<group>"; };
		DB0A81271E13111600F03FE9 /* GQTPointQuadTree.h */ = {isa = PBXFileReference; fileEncoding = 4; lastKnownFileType = sourcecode.c.h; path = GQTPointQuadTree.h; sourceTree = "<group>"; };
		DB0A81281E13111600F03FE9 /* GQTPointQuadTree.m */ = {isa = PBXFileReference; fileEncoding = 4; lastKnownFileType = sourcecode.c.objc; path = GQTPointQuadTree.m; sourceTree = "<group>"; };
		DB0A81291E13111600F03FE9 /* GQTPointQuadTreeChild.h */ = {isa = PBXFileReference; fileEncoding = 4; lastKnownFileType = sourcecode.c.h; path = GQTPointQuadTreeChild.h; sourceTree = "<group>"; };
		DB0A812A1E13111600F03FE9 /* GQTPointQuadTreeChild.m */ = {isa = PBXFileReference; fileEncoding = 4; lastKnownFileType = sourcecode.c.objc; path = GQTPointQuadTreeChild.m; sourceTree = "<group>"; };
		DB0A812B1E13111600F03FE9 /* GQTPointQuadTreeItem.h */ = {isa = PBXFileReference; fileEncoding = 4; lastKnownFileType = sourcecode.c.h; path = GQTPointQuadTreeItem.h; sourceTree = "<group>"; };
		DB0A81341E1315D700F03FE9 /* TiGooglemapsClusterItemProxy.h */ = {isa = PBXFileReference; fileEncoding = 4; lastKnownFileType = sourcecode.c.h; name = TiGooglemapsClusterItemProxy.h; path = Classes/TiGooglemapsClusterItemProxy.h; sourceTree = "<group>"; };
		DB0A81351E1315D700F03FE9 /* TiGooglemapsClusterItemProxy.m */ = {isa = PBXFileReference; fileEncoding = 4; lastKnownFileType = sourcecode.c.objc; name = TiGooglemapsClusterItemProxy.m; path = Classes/TiGooglemapsClusterItemProxy.m; sourceTree = "<group>"; };
		DB0C69521E49D6DF000F8FA2 /* TiGMSHTTPClient.h */ = {isa = PBXFileReference; fileEncoding = 4; lastKnownFileType = sourcecode.c.h; name = TiGMSHTTPClient.h; path = Classes/TiGMSHTTPClient.h; sourceTree = "<group>"; };
		DB0C69531E49D6DF000F8FA2 /* TiGMSHTTPClient.m */ = {isa = PBXFileReference; fileEncoding = 4; lastKnownFileType = sourcecode.c.objc; name = TiGMSHTTPClient.m; path = Classes/TiGMSHTTPClient.m; sourceTree = "<group>"; };
		DB11CE271E1704D9006D0FB2 /* TiGooglemapsCameraUpdateProxy.h */ = {isa = PBXFileReference; fileEncoding = 4; lastKnownFileType = sourcecode.c.h; name = TiGooglemapsCameraUpdateProxy.h; path = Classes/TiGooglemapsCameraUpdateProxy.h; sourceTree = "<group>"; };
		DB11CE281E1704D9006D0FB2 /* TiGooglemapsCameraUpdateProxy.m */ = {isa = PBXFileReference; fileEncoding = 4; lastKnownFileType = sourcecode.c.objc; name = TiGooglemapsCameraUpdateProxy.m; path = Classes/TiGooglemapsCameraUpdateProxy.m; sourceTree = "<group>"; };
		DB37298B1E15BF65009CD6B7 /* TiClusterIconGenerator.h */ = {isa = PBXFileReference; fileEncoding = 4; lastKnownFileType = sourcecode.c.h; path = TiClusterIconGenerator.h; sourceTree = "<group>"; };
		DB37298C1E15BF65009CD6B7 /* TiClusterIconGenerator.m */ = {isa = PBXFileReference; fileEncoding = 4; lastKnownFileType = sourcecode.c.objc; path = TiClusterIconGenerator.m; sourceTree = "<group>"; };
		DB6BD6D81F5C773900B710BF /* GooglePlacePicker.framework */ = {isa = PBXFileReference; lastKnownFileType = wrapper.framework; name = GooglePlacePicker.framework; path = platform/GooglePlacePicker.framework; sourceTree = "<group>"; };
		DB6BD6DA1F5C778D00B710BF /* TiGooglemapsPlacePickerDialogProxy.h */ = {isa = PBXFileReference; lastKnownFileType = sourcecode.c.h; name = TiGooglemapsPlacePickerDialogProxy.h; path = Classes/TiGooglemapsPlacePickerDialogProxy.h; sourceTree = "<group>"; };
		DB6BD6DB1F5C778D00B710BF /* TiGooglemapsPlacePickerDialogProxy.m */ = {isa = PBXFileReference; lastKnownFileType = sourcecode.c.objc; name = TiGooglemapsPlacePickerDialogProxy.m; path = Classes/TiGooglemapsPlacePickerDialogProxy.m; sourceTree = "<group>"; };
		DB91F9971E15C28400DFA78B /* TiClusterRenderer.h */ = {isa = PBXFileReference; fileEncoding = 4; lastKnownFileType = sourcecode.c.h; path = TiClusterRenderer.h; sourceTree = "<group>"; };
		DB91F9981E15C28400DFA78B /* TiClusterRenderer.m */ = {isa = PBXFileReference; fileEncoding = 4; lastKnownFileType = sourcecode.c.objc; path = TiClusterRenderer.m; sourceTree = "<group>"; };
		DB91F99B1E15C8B400DFA78B /* TiPOIItem.h */ = {isa = PBXFileReference; fileEncoding = 4; lastKnownFileType = sourcecode.c.h; path = TiPOIItem.h; sourceTree = "<group>"; };
		DB91F99C1E15C8B400DFA78B /* TiPOIItem.m */ = {isa = PBXFileReference; fileEncoding = 4; lastKnownFileType = sourcecode.c.objc; path = TiPOIItem.m; sourceTree = "<group>"; };
		DB9FB86C1E47399300A0790E /* TiGooglemapsTileProxy.h */ = {isa = PBXFileReference; fileEncoding = 4; lastKnownFileType = sourcecode.c.h; name = TiGooglemapsTileProxy.h; path = Classes/TiGooglemapsTileProxy.h; sourceTree = "<group>"; };
		DB9FB86D1E47399300A0790E /* TiGooglemapsTileProxy.m */ = {isa = PBXFileReference; fileEncoding = 4; lastKnownFileType = sourcecode.c.objc; name = TiGooglemapsTileProxy.m; path = Classes/TiGooglemapsTileProxy.m; sourceTree = "<group>"; };
		DBA037001DB1125D004279F0 /* GoogleMaps.framework */ = {isa = PBXFileReference; lastKnownFileType = wrapper.framework; name = GoogleMaps.framework; path = platform/GoogleMaps.framework; sourceTree = "<group>"; };
		DBA037011DB1125D004279F0 /* GoogleMapsBase.framework */ = {isa = PBXFileReference; lastKnownFileType = wrapper.framework; name = GoogleMapsBase.framework; path = platform/GoogleMapsBase.framework; sourceTree = "<group>"; };
		DBA037021DB1125D004279F0 /* GoogleMapsCore.framework */ = {isa = PBXFileReference; lastKnownFileType = wrapper.framework; name = GoogleMapsCore.framework; path = platform/GoogleMapsCore.framework; sourceTree = "<group>"; };
		DBA037031DB1125D004279F0 /* GooglePlaces.framework */ = {isa = PBXFileReference; lastKnownFileType = wrapper.framework; name = GooglePlaces.framework; path = platform/GooglePlaces.framework; sourceTree = "<group>"; };
		DBB7FABF1F17ED8D008EFEEA /* GMUGeoJSONParser.h */ = {isa = PBXFileReference; fileEncoding = 4; lastKnownFileType = sourcecode.c.h; name = GMUGeoJSONParser.h; path = Classes/Geometry/GMUGeoJSONParser.h; sourceTree = "<group>"; };
		DBB7FAC01F17ED8D008EFEEA /* GMUGeoJSONParser.m */ = {isa = PBXFileReference; fileEncoding = 4; lastKnownFileType = sourcecode.c.objc; name = GMUGeoJSONParser.m; path = Classes/Geometry/GMUGeoJSONParser.m; sourceTree = "<group>"; };
		DBB7FAC11F17ED8D008EFEEA /* GMUGeometryRenderer.h */ = {isa = PBXFileReference; fileEncoding = 4; lastKnownFileType = sourcecode.c.h; name = GMUGeometryRenderer.h; path = Classes/Geometry/GMUGeometryRenderer.h; sourceTree = "<group>"; };
		DBB7FAC21F17ED8D008EFEEA /* GMUGeometryRenderer.m */ = {isa = PBXFileReference; fileEncoding = 4; lastKnownFileType = sourcecode.c.objc; name = GMUGeometryRenderer.m; path = Classes/Geometry/GMUGeometryRenderer.m; sourceTree = "<group>"; };
		DBB7FAC31F17ED8D008EFEEA /* GMUGeometryRenderer+Testing.h */ = {isa = PBXFileReference; fileEncoding = 4; lastKnownFileType = sourcecode.c.h; name = "GMUGeometryRenderer+Testing.h"; path = "Classes/Geometry/GMUGeometryRenderer+Testing.h"; sourceTree = "<group>"; };
		DBB7FAC41F17ED8D008EFEEA /* GMUKMLParser.h */ = {isa = PBXFileReference; fileEncoding = 4; lastKnownFileType = sourcecode.c.h; name = GMUKMLParser.h; path = Classes/Geometry/GMUKMLParser.h; sourceTree = "<group>"; };
		DBB7FAC51F17ED8D008EFEEA /* GMUKMLParser.m */ = {isa = PBXFileReference; fileEncoding = 4; lastKnownFileType = sourcecode.c.objc; name = GMUKMLParser.m; path = Classes/Geometry/GMUKMLParser.m; sourceTree = "<group>"; };
		DBB7FAC71F17ED8D008EFEEA /* GMUFeature.h */ = {isa = PBXFileReference; fileEncoding = 4; lastKnownFileType = sourcecode.c.h; path = GMUFeature.h; sourceTree = "<group>"; };
		DBB7FAC81F17ED8D008EFEEA /* GMUFeature.m */ = {isa = PBXFileReference; fileEncoding = 4; lastKnownFileType = sourcecode.c.objc; path = GMUFeature.m; sourceTree = "<group>"; };
		DBB7FAC91F17ED8D008EFEEA /* GMUGeometry.h */ = {isa = PBXFileReference; fileEncoding = 4; lastKnownFileType = sourcecode.c.h; path = GMUGeometry.h; sourceTree = "<group>"; };
		DBB7FACA1F17ED8D008EFEEA /* GMUGeometryCollection.h */ = {isa = PBXFileReference; fileEncoding = 4; lastKnownFileType = sourcecode.c.h; path = GMUGeometryCollection.h; sourceTree = "<group>"; };
		DBB7FACB1F17ED8D008EFEEA /* GMUGeometryCollection.m */ = {isa = PBXFileReference; fileEncoding = 4; lastKnownFileType = sourcecode.c.objc; path = GMUGeometryCollection.m; sourceTree = "<group>"; };
		DBB7FACC1F17ED8D008EFEEA /* GMUGeometryContainer.h */ = {isa = PBXFileReference; fileEncoding = 4; lastKnownFileType = sourcecode.c.h; path = GMUGeometryContainer.h; sourceTree = "<group>"; };
		DBB7FACD1F17ED8D008EFEEA /* GMUGroundOverlay.h */ = {isa = PBXFileReference; fileEncoding = 4; lastKnownFileType = sourcecode.c.h; path = GMUGroundOverlay.h; sourceTree = "<group>"; };
		DBB7FACE1F17ED8D008EFEEA /* GMUGroundOverlay.m */ = {isa = PBXFileReference; fileEncoding = 4; lastKnownFileType = sourcecode.c.objc; path = GMUGroundOverlay.m; sourceTree = "<group>"; };
		DBB7FACF1F17ED8D008EFEEA /* GMULineString.h */ = {isa = PBXFileReference; fileEncoding = 4; lastKnownFileType = sourcecode.c.h; path = GMULineString.h; sourceTree = "<group>"; };
		DBB7FAD01F17ED8D008EFEEA /* GMULineString.m */ = {isa = PBXFileReference; fileEncoding = 4; lastKnownFileType = sourcecode.c.objc; path = GMULineString.m; sourceTree = "<group>"; };
		DBB7FAD11F17ED8D008EFEEA /* GMUPlacemark.h */ = {isa = PBXFileReference; fileEncoding = 4; lastKnownFileType = sourcecode.c.h; path = GMUPlacemark.h; sourceTree = "<group>"; };
		DBB7FAD21F17ED8D008EFEEA /* GMUPlacemark.m */ = {isa = PBXFileReference; fileEncoding = 4; lastKnownFileType = sourcecode.c.objc; path = GMUPlacemark.m; sourceTree = "<group>"; };
		DBB7FAD31F17ED8D008EFEEA /* GMUPoint.h */ = {isa = PBXFileReference; fileEncoding = 4; lastKnownFileType = sourcecode.c.h; path = GMUPoint.h; sourceTree = "<group>"; };
		DBB7FAD41F17ED8D008EFEEA /* GMUPoint.m */ = {isa = PBXFileReference; fileEncoding = 4; lastKnownFileType = sourcecode.c.objc; path = GMUPoint.m; sourceTree = "<group>"; };
		DBB7FAD51F17ED8D008EFEEA /* GMUPolygon.h */ = {isa = PBXFileReference; fileEncoding = 4; lastKnownFileType = sourcecode.c.h; path = GMUPolygon.h; sourceTree = "<group>"; };
		DBB7FAD61F17ED8D008EFEEA /* GMUPolygon.m */ = {isa = PBXFileReference; fileEncoding = 4; lastKnownFileType = sourcecode.c.objc; path = GMUPolygon.m; sourceTree = "<group>"; };
		DBB7FAD71F17ED8D008EFEEA /* GMUStyle.h */ = {isa = PBXFileReference; fileEncoding = 4; lastKnownFileType = sourcecode.c.h; path = GMUStyle.h; sourceTree = "<group>"; };
		DBB7FAD81F17ED8D008EFEEA /* GMUStyle.m */ = {isa = PBXFileReference; fileEncoding = 4; lastKnownFileType = sourcecode.c.objc; path = GMUStyle.m; sourceTree = "<group>"; };
		DBEB0D631F19D518005C692F /* TiGooglemapsIndoorDisplayProxy.h */ = {isa = PBXFileReference; fileEncoding = 4; lastKnownFileType = sourcecode.c.h; name = TiGooglemapsIndoorDisplayProxy.h; path = Classes/TiGooglemapsIndoorDisplayProxy.h; sourceTree = "<group>"; };
		DBEB0D641F19D518005C692F /* TiGooglemapsIndoorDisplayProxy.m */ = {isa = PBXFileReference; fileEncoding = 4; lastKnownFileType = sourcecode.c.objc; name = TiGooglemapsIndoorDisplayProxy.m; path = Classes/TiGooglemapsIndoorDisplayProxy.m; sourceTree = "<group>"; };
		DBEB0D671F19D976005C692F /* TiGooglemapsIndoorLevelProxy.h */ = {isa = PBXFileReference; fileEncoding = 4; lastKnownFileType = sourcecode.c.h; name = TiGooglemapsIndoorLevelProxy.h; path = Classes/TiGooglemapsIndoorLevelProxy.h; sourceTree = "<group>"; };
		DBEB0D681F19D976005C692F /* TiGooglemapsIndoorLevelProxy.m */ = {isa = PBXFileReference; fileEncoding = 4; lastKnownFileType = sourcecode.c.objc; name = TiGooglemapsIndoorLevelProxy.m; path = Classes/TiGooglemapsIndoorLevelProxy.m; sourceTree = "<group>"; };
		DBEFA8DB1F19272700A8FA1D /* TiGooglemapsRendererProxy.h */ = {isa = PBXFileReference; fileEncoding = 4; lastKnownFileType = sourcecode.c.h; name = TiGooglemapsRendererProxy.h; path = Classes/TiGooglemapsRendererProxy.h; sourceTree = "<group>"; };
		DBEFA8DC1F19272700A8FA1D /* TiGooglemapsRendererProxy.m */ = {isa = PBXFileReference; fileEncoding = 4; lastKnownFileType = sourcecode.c.objc; name = TiGooglemapsRendererProxy.m; path = Classes/TiGooglemapsRendererProxy.m; sourceTree = "<group>"; };
/* End PBXFileReference section */

/* Begin PBXFrameworksBuildPhase section */
		D2AAC07C0554694100DB518D /* Frameworks */ = {
			isa = PBXFrameworksBuildPhase;
			buildActionMask = 2147483647;
			files = (
				3AF900AB1BC1ED7800172627 /* Accelerate.framework in Frameworks */,
				3AF900AC1BC1ED7800172627 /* AVFoundation.framework in Frameworks */,
				3AF900AD1BC1ED7800172627 /* CoreBluetooth.framework in Frameworks */,
				DBA037041DB1125D004279F0 /* GoogleMaps.framework in Frameworks */,
				DBA037061DB1125D004279F0 /* GoogleMapsCore.framework in Frameworks */,
				3AF900AE1BC1ED7800172627 /* CoreData.framework in Frameworks */,
				3AF900AF1BC1ED7800172627 /* CoreGraphics.framework in Frameworks */,
				3AF900B01BC1ED7800172627 /* CoreLocation.framework in Frameworks */,
				3AF900B11BC1ED7800172627 /* CoreText.framework in Frameworks */,
				DBA037071DB1125D004279F0 /* GooglePlaces.framework in Frameworks */,
				3AF900B21BC1ED7800172627 /* GLKit.framework in Frameworks */,
				3AF900B71BC1ED7800172627 /* OpenGLES.framework in Frameworks */,
				3AF900B81BC1ED7800172627 /* QuartzCore.framework in Frameworks */,
				3AF900B91BC1ED7800172627 /* Security.framework in Frameworks */,
				DBA037051DB1125D004279F0 /* GoogleMapsBase.framework in Frameworks */,
				3AF900BA1BC1ED7800172627 /* SystemConfiguration.framework in Frameworks */,
				3A7097E21BF1CD9B0044DBFB /* ImageIO.framework in Frameworks */,
				AACBBE4A0F95108600F1A2B1 /* Foundation.framework in Frameworks */,
			);
			runOnlyForDeploymentPostprocessing = 0;
		};
/* End PBXFrameworksBuildPhase section */

/* Begin PBXGroup section */
		034768DFFF38A50411DB9C8B /* Products */ = {
			isa = PBXGroup;
			children = (
				D2AAC07E0554694100DB518D /* libTiGooglemaps.a */,
			);
			name = Products;
			sourceTree = "<group>";
		};
		0867D691FE84028FC02AAC07 /* ti.googlemaps */ = {
			isa = PBXGroup;
			children = (
				08FB77AEFE84172EC02AAC07 /* Classes */,
				32C88DFF0371C24200C91783 /* Other Sources */,
				0867D69AFE84028FC02AAC07 /* Frameworks */,
				034768DFFF38A50411DB9C8B /* Products */,
			);
			name = ti.googlemaps;
			sourceTree = "<group>";
		};
		0867D69AFE84028FC02AAC07 /* Frameworks */ = {
			isa = PBXGroup;
			children = (
				DB6BD6D81F5C773900B710BF /* GooglePlacePicker.framework */,
				DBA037001DB1125D004279F0 /* GoogleMaps.framework */,
				DBA037011DB1125D004279F0 /* GoogleMapsBase.framework */,
				DBA037021DB1125D004279F0 /* GoogleMapsCore.framework */,
				DBA037031DB1125D004279F0 /* GooglePlaces.framework */,
				3AF9009B1BC1ED7800172627 /* Accelerate.framework */,
				3AF9009C1BC1ED7800172627 /* AVFoundation.framework */,
				3AF9009D1BC1ED7800172627 /* CoreBluetooth.framework */,
				3AF9009E1BC1ED7800172627 /* CoreData.framework */,
				3AF9009F1BC1ED7800172627 /* CoreGraphics.framework */,
				3AF900A01BC1ED7800172627 /* CoreLocation.framework */,
				3AF900A11BC1ED7800172627 /* CoreText.framework */,
				3AF900A21BC1ED7800172627 /* GLKit.framework */,
				3AF900A31BC1ED7800172627 /* ImageIO.framework */,
				3AF900A71BC1ED7800172627 /* OpenGLES.framework */,
				3AF900A81BC1ED7800172627 /* QuartzCore.framework */,
				3AF900A91BC1ED7800172627 /* Security.framework */,
				3AF900AA1BC1ED7800172627 /* SystemConfiguration.framework */,
				AACBBE490F95108600F1A2B1 /* Foundation.framework */,
			);
			name = Frameworks;
			sourceTree = "<group>";
		};
		08FB77AEFE84172EC02AAC07 /* Classes */ = {
			isa = PBXGroup;
			children = (
				3AF900D11BC2288600172627 /* Module */,
				DB0A80EF1E1310BE00F03FE9 /* Clustering */,
				DB6BD6D91F5C776600B710BF /* Place Picker */,
				3ACA7B0E1D2986C400847EBF /* Autocompletion */,
				3A28A4C91BE9204C0004FCE9 /* Overlays */,
				DBEFA8DA1F19270D00A8FA1D /* Renderer */,
				3AF900D31BC2289C00172627 /* View */,
				DB11CE2B1E1704DC006D0FB2 /* CameraUpdate */,
				3AF900D41BC228C300172627 /* Annotations */,
				DB9FB86B1E47395900A0790E /* Tile */,
			);
			name = Classes;
			sourceTree = "<group>";
		};
		32C88DFF0371C24200C91783 /* Other Sources */ = {
			isa = PBXGroup;
			children = (
				AA747D9E0F9514B9006C5449 /* TiGooglemaps_Prefix.pch */,
				24DD6D1B1134B66800162E58 /* titanium.xcconfig */,
			);
			name = "Other Sources";
			sourceTree = "<group>";
		};
		3A28A4C91BE9204C0004FCE9 /* Overlays */ = {
			isa = PBXGroup;
			children = (
				3A433F041BE9AB2C0005C8AE /* Polygon */,
				3A28A4CA1BE920530004FCE9 /* Polyline */,
				3A433F091BE9AE650005C8AE /* Circle */,
			);
			name = Overlays;
			sourceTree = "<group>";
		};
		3A28A4CA1BE920530004FCE9 /* Polyline */ = {
			isa = PBXGroup;
			children = (
				3A433EFC1BE9AB0C0005C8AE /* TiGooglemapsPolylineProxy.h */,
				3A433EFD1BE9AB0C0005C8AE /* TiGooglemapsPolylineProxy.m */,
			);
			name = Polyline;
			sourceTree = "<group>";
		};
		3A433F041BE9AB2C0005C8AE /* Polygon */ = {
			isa = PBXGroup;
			children = (
				3A433F001BE9AB270005C8AE /* TiGooglemapsPolygonProxy.h */,
				3A433F011BE9AB270005C8AE /* TiGooglemapsPolygonProxy.m */,
			);
			name = Polygon;
			sourceTree = "<group>";
		};
		3A433F091BE9AE650005C8AE /* Circle */ = {
			isa = PBXGroup;
			children = (
				3A433F051BE9AE620005C8AE /* TiGooglemapsCircleProxy.h */,
				3A433F061BE9AE620005C8AE /* TiGooglemapsCircleProxy.m */,
			);
			name = Circle;
			sourceTree = "<group>";
		};
		3ACA7B0E1D2986C400847EBF /* Autocompletion */ = {
			isa = PBXGroup;
			children = (
				3ACA7B0F1D2986FC00847EBF /* TiGooglemapsAutocompleteDialogProxy.h */,
				3ACA7B101D2986FC00847EBF /* TiGooglemapsAutocompleteDialogProxy.m */,
			);
			name = Autocompletion;
			sourceTree = "<group>";
		};
		3AF900D01BC2287A00172627 /* Module Asses */ = {
			isa = PBXGroup;
			children = (
				24DE9E0F11C5FE74003F90F6 /* TiGooglemapsModuleAssets.h */,
				24DE9E1011C5FE74003F90F6 /* TiGooglemapsModuleAssets.m */,
			);
			name = "Module Asses";
			sourceTree = "<group>";
		};
		3AF900D11BC2288600172627 /* Module */ = {
			isa = PBXGroup;
			children = (
				3AF900D01BC2287A00172627 /* Module Asses */,
				24DD6CF71134B3F500162E58 /* TiGooglemapsModule.h */,
				24DD6CF81134B3F500162E58 /* TiGooglemapsModule.m */,
				3A142F471C87748D00215B67 /* TiGooglemapsConstants.h */,
				DB0C69521E49D6DF000F8FA2 /* TiGMSHTTPClient.h */,
				DB0C69531E49D6DF000F8FA2 /* TiGMSHTTPClient.m */,
			);
			name = Module;
			sourceTree = "<group>";
		};
		3AF900D31BC2289C00172627 /* View */ = {
			isa = PBXGroup;
			children = (
				DBEB0D621F19D4FE005C692F /* IndoorDisplay */,
				3ACF6A161CBA874700BC765B /* TiGooglemapsView.h */,
				3ACF6A171CBA874700BC765B /* TiGooglemapsView.m */,
				3ACF6A181CBA874700BC765B /* TiGooglemapsViewProxy.h */,
				3ACF6A191CBA874700BC765B /* TiGooglemapsViewProxy.m */,
			);
			name = View;
			sourceTree = "<group>";
		};
		3AF900D41BC228C300172627 /* Annotations */ = {
			isa = PBXGroup;
			children = (
				3ACF6A101CBA800600BC765B /* TiGooglemapsAnnotationProxy.h */,
				3ACF6A111CBA800600BC765B /* TiGooglemapsAnnotationProxy.m */,
			);
			name = Annotations;
			sourceTree = "<group>";
		};
		DB0A80EF1E1310BE00F03FE9 /* Clustering */ = {
			isa = PBXGroup;
			children = (
				DB0A81331E1315BE00F03FE9 /* ClusterItem */,
				DB0A81241E13111600F03FE9 /* QuadTree */,
				DB0A80F01E1310BE00F03FE9 /* Algo */,
				DB0A81021E1310BE00F03FE9 /* View */,
				DB37298B1E15BF65009CD6B7 /* TiClusterIconGenerator.h */,
				DB37298C1E15BF65009CD6B7 /* TiClusterIconGenerator.m */,
				DB91F9971E15C28400DFA78B /* TiClusterRenderer.h */,
				DB91F9981E15C28400DFA78B /* TiClusterRenderer.m */,
				DB91F99B1E15C8B400DFA78B /* TiPOIItem.h */,
				DB91F99C1E15C8B400DFA78B /* TiPOIItem.m */,
				DB0A80FA1E1310BE00F03FE9 /* GMUCluster.h */,
				DB0A80FB1E1310BE00F03FE9 /* GMUClusterItem.h */,
				DB0A80FC1E1310BE00F03FE9 /* GMUClusterManager+Testing.h */,
				DB0A80FD1E1310BE00F03FE9 /* GMUClusterManager.h */,
				DB0A80FE1E1310BE00F03FE9 /* GMUClusterManager.m */,
				DB0A80FF1E1310BE00F03FE9 /* GMUMarkerClustering.h */,
				DB0A81001E1310BE00F03FE9 /* GMUStaticCluster.h */,
				DB0A81011E1310BE00F03FE9 /* GMUStaticCluster.m */,
			);
			name = Clustering;
			path = Classes/Clustering;
			sourceTree = "<group>";
		};
		DB0A80F01E1310BE00F03FE9 /* Algo */ = {
			isa = PBXGroup;
			children = (
				DB0A80F11E1310BE00F03FE9 /* GMUClusterAlgorithm.h */,
				DB0A80F21E1310BE00F03FE9 /* GMUGridBasedClusterAlgorithm.h */,
				DB0A80F31E1310BE00F03FE9 /* GMUGridBasedClusterAlgorithm.m */,
				DB0A80F41E1310BE00F03FE9 /* GMUNonHierarchicalDistanceBasedAlgorithm.h */,
				DB0A80F51E1310BE00F03FE9 /* GMUNonHierarchicalDistanceBasedAlgorithm.m */,
				DB0A80F61E1310BE00F03FE9 /* GMUSimpleClusterAlgorithm.h */,
				DB0A80F71E1310BE00F03FE9 /* GMUSimpleClusterAlgorithm.m */,
				DB0A80F81E1310BE00F03FE9 /* GMUWrappingDictionaryKey.h */,
				DB0A80F91E1310BE00F03FE9 /* GMUWrappingDictionaryKey.m */,
			);
			path = Algo;
			sourceTree = "<group>";
		};
		DB0A81021E1310BE00F03FE9 /* View */ = {
			isa = PBXGroup;
			children = (
				DB0A81031E1310BE00F03FE9 /* GMUClusterIconGenerator.h */,
				DB0A81041E1310BE00F03FE9 /* GMUClusterRenderer.h */,
				DB0A81051E1310BE00F03FE9 /* GMUDefaultClusterIconGenerator+Testing.h */,
				DB0A81061E1310BE00F03FE9 /* GMUDefaultClusterIconGenerator.h */,
				DB0A81071E1310BE00F03FE9 /* GMUDefaultClusterIconGenerator.m */,
				DB0A81081E1310BE00F03FE9 /* GMUDefaultClusterRenderer+Testing.h */,
				DB0A81091E1310BE00F03FE9 /* GMUDefaultClusterRenderer.h */,
				DB0A810A1E1310BE00F03FE9 /* GMUDefaultClusterRenderer.m */,
			);
			path = View;
			sourceTree = "<group>";
		};
		DB0A81241E13111600F03FE9 /* QuadTree */ = {
			isa = PBXGroup;
			children = (
				DB0A81251E13111600F03FE9 /* GQTBounds.h */,
				DB0A81261E13111600F03FE9 /* GQTPoint.h */,
				DB0A81271E13111600F03FE9 /* GQTPointQuadTree.h */,
				DB0A81281E13111600F03FE9 /* GQTPointQuadTree.m */,
				DB0A81291E13111600F03FE9 /* GQTPointQuadTreeChild.h */,
				DB0A812A1E13111600F03FE9 /* GQTPointQuadTreeChild.m */,
				DB0A812B1E13111600F03FE9 /* GQTPointQuadTreeItem.h */,
			);
			name = QuadTree;
			path = Classes/QuadTree;
			sourceTree = SOURCE_ROOT;
		};
		DB0A81331E1315BE00F03FE9 /* ClusterItem */ = {
			isa = PBXGroup;
			children = (
				DB0A81341E1315D700F03FE9 /* TiGooglemapsClusterItemProxy.h */,
				DB0A81351E1315D700F03FE9 /* TiGooglemapsClusterItemProxy.m */,
			);
			name = ClusterItem;
			path = ../..;
			sourceTree = "<group>";
		};
		DB11CE2B1E1704DC006D0FB2 /* CameraUpdate */ = {
			isa = PBXGroup;
			children = (
				DB11CE271E1704D9006D0FB2 /* TiGooglemapsCameraUpdateProxy.h */,
				DB11CE281E1704D9006D0FB2 /* TiGooglemapsCameraUpdateProxy.m */,
			);
			name = CameraUpdate;
			sourceTree = "<group>";
		};
		DB6BD6D91F5C776600B710BF /* Place Picker */ = {
			isa = PBXGroup;
			children = (
				DB6BD6DA1F5C778D00B710BF /* TiGooglemapsPlacePickerDialogProxy.h */,
				DB6BD6DB1F5C778D00B710BF /* TiGooglemapsPlacePickerDialogProxy.m */,
			);
			name = "Place Picker";
			sourceTree = "<group>";
		};
		DB9FB86B1E47395900A0790E /* Tile */ = {
			isa = PBXGroup;
			children = (
				DB9FB86C1E47399300A0790E /* TiGooglemapsTileProxy.h */,
				DB9FB86D1E47399300A0790E /* TiGooglemapsTileProxy.m */,
			);
			name = Tile;
			sourceTree = "<group>";
		};
		DBB7FABE1F17ED7E008EFEEA /* Geometry */ = {
			isa = PBXGroup;
			children = (
				DBB7FABF1F17ED8D008EFEEA /* GMUGeoJSONParser.h */,
				DBB7FAC01F17ED8D008EFEEA /* GMUGeoJSONParser.m */,
				DBB7FAC11F17ED8D008EFEEA /* GMUGeometryRenderer.h */,
				DBB7FAC21F17ED8D008EFEEA /* GMUGeometryRenderer.m */,
				DBB7FAC31F17ED8D008EFEEA /* GMUGeometryRenderer+Testing.h */,
				DBB7FAC41F17ED8D008EFEEA /* GMUKMLParser.h */,
				DBB7FAC51F17ED8D008EFEEA /* GMUKMLParser.m */,
				DBB7FAC61F17ED8D008EFEEA /* Model */,
			);
			name = Geometry;
			sourceTree = "<group>";
		};
		DBB7FAC61F17ED8D008EFEEA /* Model */ = {
			isa = PBXGroup;
			children = (
				DBB7FAC71F17ED8D008EFEEA /* GMUFeature.h */,
				DBB7FAC81F17ED8D008EFEEA /* GMUFeature.m */,
				DBB7FAC91F17ED8D008EFEEA /* GMUGeometry.h */,
				DBB7FACA1F17ED8D008EFEEA /* GMUGeometryCollection.h */,
				DBB7FACB1F17ED8D008EFEEA /* GMUGeometryCollection.m */,
				DBB7FACC1F17ED8D008EFEEA /* GMUGeometryContainer.h */,
				DBB7FACD1F17ED8D008EFEEA /* GMUGroundOverlay.h */,
				DBB7FACE1F17ED8D008EFEEA /* GMUGroundOverlay.m */,
				DBB7FACF1F17ED8D008EFEEA /* GMULineString.h */,
				DBB7FAD01F17ED8D008EFEEA /* GMULineString.m */,
				DBB7FAD11F17ED8D008EFEEA /* GMUPlacemark.h */,
				DBB7FAD21F17ED8D008EFEEA /* GMUPlacemark.m */,
				DBB7FAD31F17ED8D008EFEEA /* GMUPoint.h */,
				DBB7FAD41F17ED8D008EFEEA /* GMUPoint.m */,
				DBB7FAD51F17ED8D008EFEEA /* GMUPolygon.h */,
				DBB7FAD61F17ED8D008EFEEA /* GMUPolygon.m */,
				DBB7FAD71F17ED8D008EFEEA /* GMUStyle.h */,
				DBB7FAD81F17ED8D008EFEEA /* GMUStyle.m */,
			);
			name = Model;
			path = Classes/Geometry/Model;
			sourceTree = "<group>";
		};
		DBEB0D621F19D4FE005C692F /* IndoorDisplay */ = {
			isa = PBXGroup;
			children = (
				DBEB0D631F19D518005C692F /* TiGooglemapsIndoorDisplayProxy.h */,
				DBEB0D641F19D518005C692F /* TiGooglemapsIndoorDisplayProxy.m */,
				DBEB0D671F19D976005C692F /* TiGooglemapsIndoorLevelProxy.h */,
				DBEB0D681F19D976005C692F /* TiGooglemapsIndoorLevelProxy.m */,
			);
			name = IndoorDisplay;
			sourceTree = "<group>";
		};
		DBEFA8DA1F19270D00A8FA1D /* Renderer */ = {
			isa = PBXGroup;
			children = (
				DBB7FABE1F17ED7E008EFEEA /* Geometry */,
				DBEFA8DB1F19272700A8FA1D /* TiGooglemapsRendererProxy.h */,
				DBEFA8DC1F19272700A8FA1D /* TiGooglemapsRendererProxy.m */,
			);
			name = Renderer;
			sourceTree = "<group>";
		};
/* End PBXGroup section */

/* Begin PBXHeadersBuildPhase section */
		D2AAC07A0554694100DB518D /* Headers */ = {
			isa = PBXHeadersBuildPhase;
			buildActionMask = 2147483647;
			files = (
				DBB7FADE1F17ED8D008EFEEA /* GMUKMLParser.h in Headers */,
				DB0A81301E13111600F03FE9 /* GQTPointQuadTreeChild.h in Headers */,
				DB0A811A1E1310BE00F03FE9 /* GMUStaticCluster.h in Headers */,
				DB0A81221E1310BE00F03FE9 /* GMUDefaultClusterRenderer.h in Headers */,
				DBB7FADB1F17ED8D008EFEEA /* GMUGeometryRenderer.h in Headers */,
				DB0A810C1E1310BE00F03FE9 /* GMUGridBasedClusterAlgorithm.h in Headers */,
				DB91F99D1E15C8B400DFA78B /* TiPOIItem.h in Headers */,
				DB0A810E1E1310BE00F03FE9 /* GMUNonHierarchicalDistanceBasedAlgorithm.h in Headers */,
				DB11CE291E1704D9006D0FB2 /* TiGooglemapsCameraUpdateProxy.h in Headers */,
				DB0A81101E1310BE00F03FE9 /* GMUSimpleClusterAlgorithm.h in Headers */,
				DB0A811F1E1310BE00F03FE9 /* GMUDefaultClusterIconGenerator.h in Headers */,
				DB91F9991E15C28400DFA78B /* TiClusterRenderer.h in Headers */,
				DB0A81161E1310BE00F03FE9 /* GMUClusterManager+Testing.h in Headers */,
				DB0A81121E1310BE00F03FE9 /* GMUWrappingDictionaryKey.h in Headers */,
				DB0A811C1E1310BE00F03FE9 /* GMUClusterIconGenerator.h in Headers */,
				DBB7FAF01F17ED8E008EFEEA /* GMUStyle.h in Headers */,
				DBB7FAE01F17ED8D008EFEEA /* GMUFeature.h in Headers */,
				DB0A811D1E1310BE00F03FE9 /* GMUClusterRenderer.h in Headers */,
				DB0A81151E1310BE00F03FE9 /* GMUClusterItem.h in Headers */,
				DBB7FAE61F17ED8D008EFEEA /* GMUGroundOverlay.h in Headers */,
				DBEB0D691F19D976005C692F /* TiGooglemapsIndoorLevelProxy.h in Headers */,
				DBB7FAEA1F17ED8E008EFEEA /* GMUPlacemark.h in Headers */,
				DB0A81191E1310BE00F03FE9 /* GMUMarkerClustering.h in Headers */,
				DB0C69541E49D6DF000F8FA2 /* TiGMSHTTPClient.h in Headers */,
				DB0A81141E1310BE00F03FE9 /* GMUCluster.h in Headers */,
				DBB7FAE21F17ED8D008EFEEA /* GMUGeometry.h in Headers */,
				DB0A81171E1310BE00F03FE9 /* GMUClusterManager.h in Headers */,
				DBB7FAD91F17ED8D008EFEEA /* GMUGeoJSONParser.h in Headers */,
				DB0A811E1E1310BE00F03FE9 /* GMUDefaultClusterIconGenerator+Testing.h in Headers */,
				DB0A81211E1310BE00F03FE9 /* GMUDefaultClusterRenderer+Testing.h in Headers */,
				DB9FB86E1E47399300A0790E /* TiGooglemapsTileProxy.h in Headers */,
				DB6BD6DD1F5C77CA00B710BF /* TiGooglemapsPlacePickerDialogProxy.h in Headers */,
				DBB7FAEC1F17ED8E008EFEEA /* GMUPoint.h in Headers */,
				DB0A810B1E1310BE00F03FE9 /* GMUClusterAlgorithm.h in Headers */,
				DBB7FAEE1F17ED8E008EFEEA /* GMUPolygon.h in Headers */,
				3A433F021BE9AB270005C8AE /* TiGooglemapsPolygonProxy.h in Headers */,
				AA747D9F0F9514B9006C5449 /* TiGooglemaps_Prefix.pch in Headers */,
				24DD6CF91134B3F500162E58 /* TiGooglemapsModule.h in Headers */,
				DBB7FADD1F17ED8D008EFEEA /* GMUGeometryRenderer+Testing.h in Headers */,
				DB0A812D1E13111600F03FE9 /* GQTPoint.h in Headers */,
				DBB7FAE81F17ED8E008EFEEA /* GMULineString.h in Headers */,
				3ACF6A1C1CBA874700BC765B /* TiGooglemapsViewProxy.h in Headers */,
				DB37298D1E15BF65009CD6B7 /* TiClusterIconGenerator.h in Headers */,
				DBEFA8DD1F19272700A8FA1D /* TiGooglemapsRendererProxy.h in Headers */,
				3ACF6A121CBA800600BC765B /* TiGooglemapsAnnotationProxy.h in Headers */,
				DBB7FAE31F17ED8D008EFEEA /* GMUGeometryCollection.h in Headers */,
				3A433F071BE9AE620005C8AE /* TiGooglemapsCircleProxy.h in Headers */,
				DB0A812E1E13111600F03FE9 /* GQTPointQuadTree.h in Headers */,
				DBB7FAE51F17ED8D008EFEEA /* GMUGeometryContainer.h in Headers */,
				3A433EFE1BE9AB0C0005C8AE /* TiGooglemapsPolylineProxy.h in Headers */,
				3ACA7B111D2986FC00847EBF /* TiGooglemapsAutocompleteDialogProxy.h in Headers */,
				DB0A81321E13111600F03FE9 /* GQTPointQuadTreeItem.h in Headers */,
				DBEB0D651F19D518005C692F /* TiGooglemapsIndoorDisplayProxy.h in Headers */,
				24DE9E1111C5FE74003F90F6 /* TiGooglemapsModuleAssets.h in Headers */,
				3ACF6A1A1CBA874700BC765B /* TiGooglemapsView.h in Headers */,
				DB0A81361E1315D700F03FE9 /* TiGooglemapsClusterItemProxy.h in Headers */,
				DB0A812C1E13111600F03FE9 /* GQTBounds.h in Headers */,
			);
			runOnlyForDeploymentPostprocessing = 0;
		};
/* End PBXHeadersBuildPhase section */

/* Begin PBXNativeTarget section */
		D2AAC07D0554694100DB518D /* ti.googlemaps */ = {
			isa = PBXNativeTarget;
			buildConfigurationList = 1DEB921E08733DC00010E9CD /* Build configuration list for PBXNativeTarget "ti.googlemaps" */;
			buildPhases = (
				D2AAC07A0554694100DB518D /* Headers */,
				D2AAC07B0554694100DB518D /* Sources */,
				D2AAC07C0554694100DB518D /* Frameworks */,
			);
			buildRules = (
			);
			dependencies = (
			);
			name = ti.googlemaps;
			productName = ti.googlemaps;
			productReference = D2AAC07E0554694100DB518D /* libTiGooglemaps.a */;
			productType = "com.apple.product-type.library.static";
		};
/* End PBXNativeTarget section */

/* Begin PBXProject section */
		0867D690FE84028FC02AAC07 /* Project object */ = {
			isa = PBXProject;
			attributes = {
				LastUpgradeCheck = 0830;
			};
			buildConfigurationList = 1DEB922208733DC00010E9CD /* Build configuration list for PBXProject "ti.googlemaps" */;
			compatibilityVersion = "Xcode 3.2";
			developmentRegion = English;
			hasScannedForEncodings = 1;
			knownRegions = (
				English,
				Japanese,
				French,
				German,
			);
			mainGroup = 0867D691FE84028FC02AAC07 /* ti.googlemaps */;
			productRefGroup = 034768DFFF38A50411DB9C8B /* Products */;
			projectDirPath = "";
			projectRoot = "";
			targets = (
				D2AAC07D0554694100DB518D /* ti.googlemaps */,
				24416B8111C4CA220047AFDD /* Build & Test */,
			);
		};
/* End PBXProject section */

/* Begin PBXShellScriptBuildPhase section */
		24416B8011C4CA220047AFDD /* ShellScript */ = {
			isa = PBXShellScriptBuildPhase;
			buildActionMask = 2147483647;
			files = (
			);
			inputPaths = (
			);
			outputPaths = (
			);
			runOnlyForDeploymentPostprocessing = 0;
			shellPath = /bin/sh;
			shellScript = "# shell script goes here\n\npython \"${TITANIUM_SDK}/titanium.py\" run --dir=\"${PROJECT_DIR}\"\nexit $?\n";
		};
/* End PBXShellScriptBuildPhase section */

/* Begin PBXSourcesBuildPhase section */
		D2AAC07B0554694100DB518D /* Sources */ = {
			isa = PBXSourcesBuildPhase;
			buildActionMask = 2147483647;
			files = (
				DB0A811B1E1310BE00F03FE9 /* GMUStaticCluster.m in Sources */,
				DB11CE2A1E1704D9006D0FB2 /* TiGooglemapsCameraUpdateProxy.m in Sources */,
				DBB7FAE91F17ED8E008EFEEA /* GMULineString.m in Sources */,
				DB0A81201E1310BE00F03FE9 /* GMUDefaultClusterIconGenerator.m in Sources */,
				DB0A81131E1310BE00F03FE9 /* GMUWrappingDictionaryKey.m in Sources */,
				DBB7FAF11F17ED8E008EFEEA /* GMUStyle.m in Sources */,
				DBB7FAED1F17ED8E008EFEEA /* GMUPoint.m in Sources */,
				DB0A81231E1310BE00F03FE9 /* GMUDefaultClusterRenderer.m in Sources */,
				DBB7FADF1F17ED8D008EFEEA /* GMUKMLParser.m in Sources */,
				DBEB0D6A1F19D976005C692F /* TiGooglemapsIndoorLevelProxy.m in Sources */,
				DB0A810D1E1310BE00F03FE9 /* GMUGridBasedClusterAlgorithm.m in Sources */,
				DBB7FAE71F17ED8E008EFEEA /* GMUGroundOverlay.m in Sources */,
				DBB7FAE41F17ED8D008EFEEA /* GMUGeometryCollection.m in Sources */,
				DB0A81111E1310BE00F03FE9 /* GMUSimpleClusterAlgorithm.m in Sources */,
				DB0A81181E1310BE00F03FE9 /* GMUClusterManager.m in Sources */,
				DB0A810F1E1310BE00F03FE9 /* GMUNonHierarchicalDistanceBasedAlgorithm.m in Sources */,
				DB0A812F1E13111600F03FE9 /* GQTPointQuadTree.m in Sources */,
				DB0A81311E13111600F03FE9 /* GQTPointQuadTreeChild.m in Sources */,
				DB6BD6DC1F5C77BB00B710BF /* TiGooglemapsPlacePickerDialogProxy.m in Sources */,
				24DD6CFA1134B3F500162E58 /* TiGooglemapsModule.m in Sources */,
				DBEB0D661F19D518005C692F /* TiGooglemapsIndoorDisplayProxy.m in Sources */,
				3ACF6A1B1CBA874700BC765B /* TiGooglemapsView.m in Sources */,
				DB91F99A1E15C28400DFA78B /* TiClusterRenderer.m in Sources */,
				DB37298E1E15BF65009CD6B7 /* TiClusterIconGenerator.m in Sources */,
				DBB7FAEF1F17ED8E008EFEEA /* GMUPolygon.m in Sources */,
				DB0A81371E1315D700F03FE9 /* TiGooglemapsClusterItemProxy.m in Sources */,
				24DE9E1211C5FE74003F90F6 /* TiGooglemapsModuleAssets.m in Sources */,
				DBB7FADA1F17ED8D008EFEEA /* GMUGeoJSONParser.m in Sources */,
				3A433F031BE9AB270005C8AE /* TiGooglemapsPolygonProxy.m in Sources */,
				DBB7FAE11F17ED8D008EFEEA /* GMUFeature.m in Sources */,
				3ACA7B121D2986FC00847EBF /* TiGooglemapsAutocompleteDialogProxy.m in Sources */,
				DBB7FADC1F17ED8D008EFEEA /* GMUGeometryRenderer.m in Sources */,
				DBB7FAEB1F17ED8E008EFEEA /* GMUPlacemark.m in Sources */,
				DB91F99E1E15C8B400DFA78B /* TiPOIItem.m in Sources */,
				DB9FB86F1E47399300A0790E /* TiGooglemapsTileProxy.m in Sources */,
				3A433EFF1BE9AB0C0005C8AE /* TiGooglemapsPolylineProxy.m in Sources */,
				DB0C69551E49D6DF000F8FA2 /* TiGMSHTTPClient.m in Sources */,
				DBEFA8DE1F19272700A8FA1D /* TiGooglemapsRendererProxy.m in Sources */,
				3ACF6A131CBA800600BC765B /* TiGooglemapsAnnotationProxy.m in Sources */,
				3A433F081BE9AE620005C8AE /* TiGooglemapsCircleProxy.m in Sources */,
				3ACF6A1D1CBA874700BC765B /* TiGooglemapsViewProxy.m in Sources */,
			);
			runOnlyForDeploymentPostprocessing = 0;
		};
/* End PBXSourcesBuildPhase section */

/* Begin PBXTargetDependency section */
		24416B8511C4CA280047AFDD /* PBXTargetDependency */ = {
			isa = PBXTargetDependency;
			target = D2AAC07D0554694100DB518D /* ti.googlemaps */;
			targetProxy = 24416B8411C4CA280047AFDD /* PBXContainerItemProxy */;
		};
/* End PBXTargetDependency section */

/* Begin XCBuildConfiguration section */
		1DEB921F08733DC00010E9CD /* Debug */ = {
			isa = XCBuildConfiguration;
			baseConfigurationReference = 24DD6D1B1134B66800162E58 /* titanium.xcconfig */;
			buildSettings = {
				CLANG_ENABLE_OBJC_ARC = YES;
				CODE_SIGN_IDENTITY = "iPhone Developer";
				"CODE_SIGN_IDENTITY[sdk=iphoneos*]" = "iPhone Developer";
				DSTROOT = /tmp/TiGooglemaps.dst;
				ENABLE_TESTABILITY = NO;
				FRAMEWORK_SEARCH_PATHS = (
					"$(inherited)",
					"$(PROJECT_DIR)/GoogleMaps/Frameworks",
					"$(PROJECT_DIR)",
					"$(PROJECT_DIR)/platform",
					"$(PROJECT_DIR)/platform/ios",
				);
				GCC_C_LANGUAGE_STANDARD = c99;
				GCC_OPTIMIZATION_LEVEL = 0;
				GCC_PRECOMPILE_PREFIX_HEADER = YES;
				GCC_PREFIX_HEADER = TiGooglemaps_Prefix.pch;
				GCC_PREPROCESSOR_DEFINITIONS = "TI_VERSION=$(TI_VERSION)";
				GCC_TREAT_WARNINGS_AS_ERRORS = NO;
				GCC_VERSION = "";
				GCC_WARN_ABOUT_RETURN_TYPE = NO;
				GCC_WARN_MISSING_PARENTHESES = NO;
				GCC_WARN_SHADOW = NO;
				GCC_WARN_STRICT_SELECTOR_MATCH = NO;
				GCC_WARN_UNUSED_FUNCTION = YES;
				GCC_WARN_UNUSED_PARAMETER = NO;
				GCC_WARN_UNUSED_VALUE = NO;
				GCC_WARN_UNUSED_VARIABLE = NO;
				INSTALL_PATH = /usr/local/lib;
				IPHONEOS_DEPLOYMENT_TARGET = 6.0;
				LIBRARY_SEARCH_PATHS = "";
				OTHER_CFLAGS = (
					"-DDEBUG",
					"-DTI_POST_1_2",
				);
				OTHER_LDFLAGS = "-ObjC";
				PRODUCT_NAME = TiGooglemaps;
				PROVISIONING_PROFILE = "";
				"PROVISIONING_PROFILE[sdk=iphoneos*]" = "";
				RUN_CLANG_STATIC_ANALYZER = NO;
				SDKROOT = iphoneos;
				USER_HEADER_SEARCH_PATHS = "";
				WARNING_CFLAGS = "-Wno-arc-performSelector-leaks";
			};
			name = Debug;
		};
		1DEB922008733DC00010E9CD /* Release */ = {
			isa = XCBuildConfiguration;
			baseConfigurationReference = 24DD6D1B1134B66800162E58 /* titanium.xcconfig */;
			buildSettings = {
				ALWAYS_SEARCH_USER_PATHS = YES;
				CLANG_ENABLE_OBJC_ARC = YES;
				DSTROOT = /tmp/TiGooglemaps.dst;
				FRAMEWORK_SEARCH_PATHS = (
					"$(inherited)",
					"$(PROJECT_DIR)/GoogleMaps/Frameworks",
					"$(PROJECT_DIR)",
					"$(PROJECT_DIR)/platform",
					"$(PROJECT_DIR)/platform/ios",
				);
				GCC_C_LANGUAGE_STANDARD = c99;
				GCC_MODEL_TUNING = G5;
				GCC_PRECOMPILE_PREFIX_HEADER = YES;
				GCC_PREFIX_HEADER = TiGooglemaps_Prefix.pch;
				GCC_PREPROCESSOR_DEFINITIONS = "TI_VERSION=$(TI_VERSION)";
				GCC_TREAT_WARNINGS_AS_ERRORS = NO;
				GCC_VERSION = "";
				GCC_WARN_ABOUT_RETURN_TYPE = NO;
				GCC_WARN_MISSING_PARENTHESES = NO;
				GCC_WARN_SHADOW = NO;
				GCC_WARN_STRICT_SELECTOR_MATCH = NO;
				GCC_WARN_UNUSED_FUNCTION = YES;
				GCC_WARN_UNUSED_PARAMETER = NO;
				GCC_WARN_UNUSED_VALUE = NO;
				GCC_WARN_UNUSED_VARIABLE = NO;
				INSTALL_PATH = /usr/local/lib;
				IPHONEOS_DEPLOYMENT_TARGET = 6.0;
				LIBRARY_SEARCH_PATHS = "";
				OTHER_CFLAGS = "-DTI_POST_1_2";
				OTHER_LDFLAGS = "-ObjC";
				PRODUCT_NAME = TiGooglemaps;
				RUN_CLANG_STATIC_ANALYZER = NO;
				SDKROOT = iphoneos;
				USER_HEADER_SEARCH_PATHS = "";
				WARNING_CFLAGS = "-Wno-arc-performSelector-leaks";
			};
			name = Release;
		};
		1DEB922308733DC00010E9CD /* Debug */ = {
			isa = XCBuildConfiguration;
			baseConfigurationReference = 24DD6D1B1134B66800162E58 /* titanium.xcconfig */;
			buildSettings = {
				CLANG_ANALYZER_LOCALIZABILITY_NONLOCALIZED = YES;
				CLANG_CXX_LIBRARY = "compiler-default";
				CLANG_WARN_BOOL_CONVERSION = YES;
				CLANG_WARN_CONSTANT_CONVERSION = YES;
				CLANG_WARN_EMPTY_BODY = YES;
				CLANG_WARN_ENUM_CONVERSION = YES;
				CLANG_WARN_INFINITE_RECURSION = YES;
				CLANG_WARN_INT_CONVERSION = YES;
				CLANG_WARN_SUSPICIOUS_MOVE = YES;
				CLANG_WARN_UNREACHABLE_CODE = YES;
				CLANG_WARN__DUPLICATE_METHOD_MATCH = YES;
				CODE_SIGN_IDENTITY = "iPhone Developer";
				"CODE_SIGN_IDENTITY[sdk=iphoneos*]" = "iPhone Developer";
				DSTROOT = /tmp/TiGooglemaps.dst;
				ENABLE_STRICT_OBJC_MSGSEND = YES;
				ENABLE_TESTABILITY = YES;
				FRAMEWORK_SEARCH_PATHS = (
					"$(inherited)",
					"$(PROJECT_DIR)/GoogleMaps/Frameworks",
					"$(PROJECT_DIR)",
					"$(PROJECT_DIR)/platform",
				);
				GCC_C_LANGUAGE_STANDARD = c99;
				GCC_NO_COMMON_BLOCKS = YES;
				GCC_OPTIMIZATION_LEVEL = 0;
				GCC_PRECOMPILE_PREFIX_HEADER = YES;
				GCC_PREFIX_HEADER = TiGooglemaps_Prefix.pch;
				GCC_PREPROCESSOR_DEFINITIONS = "TI_VERSION=$(TI_VERSION)";
				GCC_TREAT_WARNINGS_AS_ERRORS = NO;
				GCC_VERSION = "";
				GCC_WARN_64_TO_32_BIT_CONVERSION = YES;
				GCC_WARN_ABOUT_RETURN_TYPE = NO;
				GCC_WARN_MISSING_PARENTHESES = NO;
				GCC_WARN_SHADOW = NO;
				GCC_WARN_STRICT_SELECTOR_MATCH = NO;
				GCC_WARN_UNDECLARED_SELECTOR = YES;
				GCC_WARN_UNINITIALIZED_AUTOS = YES;
				GCC_WARN_UNUSED_FUNCTION = YES;
				GCC_WARN_UNUSED_PARAMETER = NO;
				GCC_WARN_UNUSED_VALUE = NO;
				GCC_WARN_UNUSED_VARIABLE = NO;
				INSTALL_PATH = /usr/local/lib;
				ONLY_ACTIVE_ARCH = YES;
				OTHER_CFLAGS = (
					"-DDEBUG",
					"-DTI_POST_1_2",
				);
				OTHER_LDFLAGS = "-ObjC";
				PRODUCT_NAME = TiGooglemaps;
				PROVISIONING_PROFILE = "";
				"PROVISIONING_PROFILE[sdk=iphoneos*]" = "";
				RUN_CLANG_STATIC_ANALYZER = NO;
				SDKROOT = iphoneos;
				USER_HEADER_SEARCH_PATHS = "";
				VALID_ARCHS = "$(ARCHS_STANDARD)";
			};
			name = Debug;
		};
		1DEB922408733DC00010E9CD /* Release */ = {
			isa = XCBuildConfiguration;
			baseConfigurationReference = 24DD6D1B1134B66800162E58 /* titanium.xcconfig */;
			buildSettings = {
				ALWAYS_SEARCH_USER_PATHS = YES;
				CLANG_ANALYZER_LOCALIZABILITY_NONLOCALIZED = YES;
				CLANG_CXX_LIBRARY = "compiler-default";
				CLANG_WARN_BOOL_CONVERSION = YES;
				CLANG_WARN_CONSTANT_CONVERSION = YES;
				CLANG_WARN_EMPTY_BODY = YES;
				CLANG_WARN_ENUM_CONVERSION = YES;
				CLANG_WARN_INFINITE_RECURSION = YES;
				CLANG_WARN_INT_CONVERSION = YES;
				CLANG_WARN_SUSPICIOUS_MOVE = YES;
				CLANG_WARN_UNREACHABLE_CODE = YES;
				CLANG_WARN__DUPLICATE_METHOD_MATCH = YES;
				DSTROOT = /tmp/TiGooglemaps.dst;
				ENABLE_STRICT_OBJC_MSGSEND = YES;
				FRAMEWORK_SEARCH_PATHS = (
					"$(inherited)",
					"$(PROJECT_DIR)/GoogleMaps/Frameworks",
					"$(PROJECT_DIR)",
					"$(PROJECT_DIR)/platform",
				);
				GCC_C_LANGUAGE_STANDARD = c99;
				GCC_MODEL_TUNING = G5;
				GCC_NO_COMMON_BLOCKS = YES;
				GCC_PRECOMPILE_PREFIX_HEADER = YES;
				GCC_PREFIX_HEADER = TiGooglemaps_Prefix.pch;
				GCC_PREPROCESSOR_DEFINITIONS = "TI_VERSION=$(TI_VERSION)";
				GCC_TREAT_WARNINGS_AS_ERRORS = NO;
				GCC_VERSION = "";
				GCC_WARN_64_TO_32_BIT_CONVERSION = YES;
				GCC_WARN_ABOUT_RETURN_TYPE = NO;
				GCC_WARN_MISSING_PARENTHESES = NO;
				GCC_WARN_SHADOW = NO;
				GCC_WARN_STRICT_SELECTOR_MATCH = NO;
				GCC_WARN_UNDECLARED_SELECTOR = YES;
				GCC_WARN_UNINITIALIZED_AUTOS = YES;
				GCC_WARN_UNUSED_FUNCTION = YES;
				GCC_WARN_UNUSED_PARAMETER = NO;
				GCC_WARN_UNUSED_VALUE = NO;
				GCC_WARN_UNUSED_VARIABLE = NO;
				INSTALL_PATH = /usr/local/lib;
				IPHONEOS_DEPLOYMENT_TARGET = 6.0;
				OTHER_CFLAGS = "-DTI_POST_1_2";
				OTHER_LDFLAGS = "-ObjC";
				PRODUCT_NAME = TiGooglemaps;
				RUN_CLANG_STATIC_ANALYZER = NO;
				SDKROOT = iphoneos;
				USER_HEADER_SEARCH_PATHS = "";
				VALID_ARCHS = "$(ARCHS_STANDARD)";
			};
			name = Release;
		};
		24416B8211C4CA220047AFDD /* Debug */ = {
			isa = XCBuildConfiguration;
			baseConfigurationReference = 24DD6D1B1134B66800162E58 /* titanium.xcconfig */;
			buildSettings = {
				COPY_PHASE_STRIP = NO;
				GCC_DYNAMIC_NO_PIC = NO;
				GCC_OPTIMIZATION_LEVEL = 0;
				PRODUCT_NAME = "Build & test";
			};
			name = Debug;
		};
		24416B8311C4CA220047AFDD /* Release */ = {
			isa = XCBuildConfiguration;
			baseConfigurationReference = 24DD6D1B1134B66800162E58 /* titanium.xcconfig */;
			buildSettings = {
				COPY_PHASE_STRIP = YES;
				DEBUG_INFORMATION_FORMAT = "dwarf-with-dsym";
				GCC_ENABLE_FIX_AND_CONTINUE = NO;
				PRODUCT_NAME = "Build & test";
				ZERO_LINK = NO;
			};
			name = Release;
		};
/* End XCBuildConfiguration section */

/* Begin XCConfigurationList section */
		1DEB921E08733DC00010E9CD /* Build configuration list for PBXNativeTarget "ti.googlemaps" */ = {
			isa = XCConfigurationList;
			buildConfigurations = (
				1DEB921F08733DC00010E9CD /* Debug */,
				1DEB922008733DC00010E9CD /* Release */,
			);
			defaultConfigurationIsVisible = 0;
			defaultConfigurationName = Release;
		};
		1DEB922208733DC00010E9CD /* Build configuration list for PBXProject "ti.googlemaps" */ = {
			isa = XCConfigurationList;
			buildConfigurations = (
				1DEB922308733DC00010E9CD /* Debug */,
				1DEB922408733DC00010E9CD /* Release */,
			);
			defaultConfigurationIsVisible = 0;
			defaultConfigurationName = Release;
		};
		24416B8A11C4CA520047AFDD /* Build configuration list for PBXAggregateTarget "Build & Test" */ = {
			isa = XCConfigurationList;
			buildConfigurations = (
				24416B8211C4CA220047AFDD /* Debug */,
				24416B8311C4CA220047AFDD /* Release */,
			);
			defaultConfigurationIsVisible = 0;
			defaultConfigurationName = Release;
		};
/* End XCConfigurationList section */
	};
	rootObject = 0867D690FE84028FC02AAC07 /* Project object */;
}
